// !$*UTF8*$!
{
	archiveVersion = 1;
	classes = {
	};
	objectVersion = 56;
	objects = {

/* Begin PBXBuildFile section */
		78F6FB072DE31EDA002D834A /* BinuAppApp.swift in Sources */ = {isa = PBXBuildFile; fileRef = 78F6FB062DE31EDA002D834A /* BinuAppApp.swift */; };
		78F6FB092DE31EDA002D834A /* ContentView.swift in Sources */ = {isa = PBXBuildFile; fileRef = 78F6FB082DE31EDA002D834A /* ContentView.swift */; };
		78F6FB0D2DE31EDB002D834A /* Assets.xcassets in Resources */ = {isa = PBXBuildFile; fileRef = 78F6FB0C2DE31EDB002D834A /* Assets.xcassets */; };
		78F6FB112DE31EDB002D834A /* Preview Assets.xcassets in Resources */ = {isa = PBXBuildFile; fileRef = 78F6FB102DE31EDB002D834A /* Preview Assets.xcassets */; };
		78F6FB1B2DE31EDB002D834A /* BinuAppTests.swift in Sources */ = {isa = PBXBuildFile; fileRef = 78F6FB1A2DE31EDB002D834A /* BinuAppTests.swift */; };
		78F6FB252DE31EDB002D834A /* BinuAppUITests.swift in Sources */ = {isa = PBXBuildFile; fileRef = 78F6FB242DE31EDB002D834A /* BinuAppUITests.swift */; };
		78F6FB272DE31EDB002D834A /* BinuAppUITestsLaunchTests.swift in Sources */ = {isa = PBXBuildFile; fileRef = 78F6FB262DE31EDB002D834A /* BinuAppUITestsLaunchTests.swift */; };
		78F6FB762DE330FD002D834A /* GoogleService-Info.plist in Resources */ = {isa = PBXBuildFile; fileRef = 78F6FB752DE330FD002D834A /* GoogleService-Info.plist */; };
		78F6FB7F2DE33F57002D834A /* AuthService.swift in Sources */ = {isa = PBXBuildFile; fileRef = 78F6FB7E2DE33F57002D834A /* AuthService.swift */; };
		78F6FB832DE33F8D002D834A /* Login.swift in Sources */ = {isa = PBXBuildFile; fileRef = 78F6FB822DE33F8D002D834A /* Login.swift */; };
		78F6FB882DE33FC0002D834A /* FullWidthTextBox.swift in Sources */ = {isa = PBXBuildFile; fileRef = 78F6FB872DE33FC0002D834A /* FullWidthTextBox.swift */; };
		78F6FB8C2DE3441C002D834A /* TestAuthView.swift in Sources */ = {isa = PBXBuildFile; fileRef = 78F6FB8B2DE3441C002D834A /* TestAuthView.swift */; };
		78F6FB9A2DE34BB2002D834A /* PostImageModel.swift in Sources */ = {isa = PBXBuildFile; fileRef = 78F6FB992DE34BB2002D834A /* PostImageModel.swift */; };
		78F6FBA32DE34E75002D834A /* CommentModel.swift in Sources */ = {isa = PBXBuildFile; fileRef = 78F6FBA22DE34E75002D834A /* CommentModel.swift */; };
		78F6FBA52DE34EFC002D834A /* PostModel.swift in Sources */ = {isa = PBXBuildFile; fileRef = 78F6FBA42DE34EFC002D834A /* PostModel.swift */; };
		78F6FBA82DE34F4C002D834A /* SentimentModel.swift in Sources */ = {isa = PBXBuildFile; fileRef = 78F6FBA72DE34F4C002D834A /* SentimentModel.swift */; };
		78F6FBAB2DE3513B002D834A /* ImagePickerView.swift in Sources */ = {isa = PBXBuildFile; fileRef = 78F6FBAA2DE3513B002D834A /* ImagePickerView.swift */; };
		78F6FBAE2DE358CD002D834A /* UIImageExtension.swift in Sources */ = {isa = PBXBuildFile; fileRef = 78F6FBAD2DE358CD002D834A /* UIImageExtension.swift */; };
		78F6FBB02DE35B86002D834A /* PostService.swift in Sources */ = {isa = PBXBuildFile; fileRef = 78F6FBAF2DE35B86002D834A /* PostService.swift */; };
		78F6FBB32DE37620002D834A /* FirebaseAuth in Frameworks */ = {isa = PBXBuildFile; productRef = 78F6FBB22DE37620002D834A /* FirebaseAuth */; };
		78F6FBB52DE37620002D834A /* FirebaseCore in Frameworks */ = {isa = PBXBuildFile; productRef = 78F6FBB42DE37620002D834A /* FirebaseCore */; };
		78F6FBB72DE37620002D834A /* FirebaseFirestore in Frameworks */ = {isa = PBXBuildFile; productRef = 78F6FBB62DE37620002D834A /* FirebaseFirestore */; };
		78F6FBB92DE37620002D834A /* FirebaseStorage in Frameworks */ = {isa = PBXBuildFile; productRef = 78F6FBB82DE37620002D834A /* FirebaseStorage */; };
/* End PBXBuildFile section */

/* Begin PBXContainerItemProxy section */
		78F6FB172DE31EDB002D834A /* PBXContainerItemProxy */ = {
			isa = PBXContainerItemProxy;
			containerPortal = 78F6FAFB2DE31EDA002D834A /* Project object */;
			proxyType = 1;
			remoteGlobalIDString = 78F6FB022DE31EDA002D834A;
			remoteInfo = BinuApp;
		};
		78F6FB212DE31EDB002D834A /* PBXContainerItemProxy */ = {
			isa = PBXContainerItemProxy;
			containerPortal = 78F6FAFB2DE31EDA002D834A /* Project object */;
			proxyType = 1;
			remoteGlobalIDString = 78F6FB022DE31EDA002D834A;
			remoteInfo = BinuApp;
		};
/* End PBXContainerItemProxy section */

/* Begin PBXFileReference section */
		78F6FB032DE31EDA002D834A /* BinuApp.app */ = {isa = PBXFileReference; explicitFileType = wrapper.application; includeInIndex = 0; path = BinuApp.app; sourceTree = BUILT_PRODUCTS_DIR; };
		78F6FB062DE31EDA002D834A /* BinuAppApp.swift */ = {isa = PBXFileReference; lastKnownFileType = sourcecode.swift; path = BinuAppApp.swift; sourceTree = "<group>"; };
		78F6FB082DE31EDA002D834A /* ContentView.swift */ = {isa = PBXFileReference; lastKnownFileType = sourcecode.swift; path = ContentView.swift; sourceTree = "<group>"; };
		78F6FB0C2DE31EDB002D834A /* Assets.xcassets */ = {isa = PBXFileReference; lastKnownFileType = folder.assetcatalog; path = Assets.xcassets; sourceTree = "<group>"; };
		78F6FB0E2DE31EDB002D834A /* BinuApp.entitlements */ = {isa = PBXFileReference; lastKnownFileType = text.plist.entitlements; path = BinuApp.entitlements; sourceTree = "<group>"; };
		78F6FB102DE31EDB002D834A /* Preview Assets.xcassets */ = {isa = PBXFileReference; lastKnownFileType = folder.assetcatalog; path = "Preview Assets.xcassets"; sourceTree = "<group>"; };
		78F6FB162DE31EDB002D834A /* BinuAppTests.xctest */ = {isa = PBXFileReference; explicitFileType = wrapper.cfbundle; includeInIndex = 0; path = BinuAppTests.xctest; sourceTree = BUILT_PRODUCTS_DIR; };
		78F6FB1A2DE31EDB002D834A /* BinuAppTests.swift */ = {isa = PBXFileReference; lastKnownFileType = sourcecode.swift; path = BinuAppTests.swift; sourceTree = "<group>"; };
		78F6FB202DE31EDB002D834A /* BinuAppUITests.xctest */ = {isa = PBXFileReference; explicitFileType = wrapper.cfbundle; includeInIndex = 0; path = BinuAppUITests.xctest; sourceTree = BUILT_PRODUCTS_DIR; };
		78F6FB242DE31EDB002D834A /* BinuAppUITests.swift */ = {isa = PBXFileReference; lastKnownFileType = sourcecode.swift; path = BinuAppUITests.swift; sourceTree = "<group>"; };
		78F6FB262DE31EDB002D834A /* BinuAppUITestsLaunchTests.swift */ = {isa = PBXFileReference; lastKnownFileType = sourcecode.swift; path = BinuAppUITestsLaunchTests.swift; sourceTree = "<group>"; };
		78F6FB752DE330FD002D834A /* GoogleService-Info.plist */ = {isa = PBXFileReference; fileEncoding = 4; lastKnownFileType = text.plist.xml; name = "GoogleService-Info.plist"; path = "../../../../Downloads/GoogleService-Info.plist"; sourceTree = "<group>"; };
		78F6FB7E2DE33F57002D834A /* AuthService.swift */ = {isa = PBXFileReference; lastKnownFileType = sourcecode.swift; path = AuthService.swift; sourceTree = "<group>"; };
		78F6FB822DE33F8D002D834A /* Login.swift */ = {isa = PBXFileReference; lastKnownFileType = sourcecode.swift; path = Login.swift; sourceTree = "<group>"; };
		78F6FB872DE33FC0002D834A /* FullWidthTextBox.swift */ = {isa = PBXFileReference; lastKnownFileType = sourcecode.swift; path = FullWidthTextBox.swift; sourceTree = "<group>"; };
		78F6FB8B2DE3441C002D834A /* TestAuthView.swift */ = {isa = PBXFileReference; lastKnownFileType = sourcecode.swift; path = TestAuthView.swift; sourceTree = "<group>"; };
		78F6FB8D2DE345B6002D834A /* .gitignore */ = {isa = PBXFileReference; lastKnownFileType = text; path = .gitignore; sourceTree = "<group>"; };
		78F6FB992DE34BB2002D834A /* PostImageModel.swift */ = {isa = PBXFileReference; lastKnownFileType = sourcecode.swift; path = PostImageModel.swift; sourceTree = "<group>"; };
		78F6FBA22DE34E75002D834A /* CommentModel.swift */ = {isa = PBXFileReference; lastKnownFileType = sourcecode.swift; path = CommentModel.swift; sourceTree = "<group>"; };
		78F6FBA42DE34EFC002D834A /* PostModel.swift */ = {isa = PBXFileReference; lastKnownFileType = sourcecode.swift; path = PostModel.swift; sourceTree = "<group>"; };
		78F6FBA72DE34F4C002D834A /* SentimentModel.swift */ = {isa = PBXFileReference; lastKnownFileType = sourcecode.swift; path = SentimentModel.swift; sourceTree = "<group>"; };
		78F6FBAA2DE3513B002D834A /* ImagePickerView.swift */ = {isa = PBXFileReference; lastKnownFileType = sourcecode.swift; path = ImagePickerView.swift; sourceTree = "<group>"; };
		78F6FBAD2DE358CD002D834A /* UIImageExtension.swift */ = {isa = PBXFileReference; lastKnownFileType = sourcecode.swift; path = UIImageExtension.swift; sourceTree = "<group>"; };
		78F6FBAF2DE35B86002D834A /* PostService.swift */ = {isa = PBXFileReference; lastKnownFileType = sourcecode.swift; path = PostService.swift; sourceTree = "<group>"; };
/* End PBXFileReference section */

/* Begin PBXFrameworksBuildPhase section */
		78F6FB002DE31EDA002D834A /* Frameworks */ = {
			isa = PBXFrameworksBuildPhase;
			buildActionMask = 2147483647;
			files = (
				78F6FBB52DE37620002D834A /* FirebaseCore in Frameworks */,
				78F6FBB92DE37620002D834A /* FirebaseStorage in Frameworks */,
				78F6FBB32DE37620002D834A /* FirebaseAuth in Frameworks */,
				78F6FBB72DE37620002D834A /* FirebaseFirestore in Frameworks */,
			);
			runOnlyForDeploymentPostprocessing = 0;
		};
		78F6FB132DE31EDB002D834A /* Frameworks */ = {
			isa = PBXFrameworksBuildPhase;
			buildActionMask = 2147483647;
			files = (
			);
			runOnlyForDeploymentPostprocessing = 0;
		};
		78F6FB1D2DE31EDB002D834A /* Frameworks */ = {
			isa = PBXFrameworksBuildPhase;
			buildActionMask = 2147483647;
			files = (
			);
			runOnlyForDeploymentPostprocessing = 0;
		};
/* End PBXFrameworksBuildPhase section */

/* Begin PBXGroup section */
		78F6FAFA2DE31EDA002D834A = {
			isa = PBXGroup;
			children = (
				78F6FB8D2DE345B6002D834A /* .gitignore */,
				78F6FB052DE31EDA002D834A /* BinuApp */,
				78F6FB192DE31EDB002D834A /* BinuAppTests */,
				78F6FB232DE31EDB002D834A /* BinuAppUITests */,
				78F6FB042DE31EDA002D834A /* Products */,
			);
			sourceTree = "<group>";
		};
		78F6FB042DE31EDA002D834A /* Products */ = {
			isa = PBXGroup;
			children = (
				78F6FB032DE31EDA002D834A /* BinuApp.app */,
				78F6FB162DE31EDB002D834A /* BinuAppTests.xctest */,
				78F6FB202DE31EDB002D834A /* BinuAppUITests.xctest */,
			);
			name = Products;
			sourceTree = "<group>";
		};
		78F6FB052DE31EDA002D834A /* BinuApp */ = {
			isa = PBXGroup;
			children = (
				78F6FBAC2DE358BE002D834A /* Extensions */,
				78F6FB7D2DE33F38002D834A /* Views */,
				78F6FB7C2DE33F2F002D834A /* Models */,
				78F6FB062DE31EDA002D834A /* BinuAppApp.swift */,
				78F6FB082DE31EDA002D834A /* ContentView.swift */,
				78F6FB0C2DE31EDB002D834A /* Assets.xcassets */,
				78F6FB0E2DE31EDB002D834A /* BinuApp.entitlements */,
				78F6FB752DE330FD002D834A /* GoogleService-Info.plist */,
				78F6FB0F2DE31EDB002D834A /* Preview Content */,
			);
			path = BinuApp;
			sourceTree = "<group>";
		};
		78F6FB0F2DE31EDB002D834A /* Preview Content */ = {
			isa = PBXGroup;
			children = (
				78F6FB102DE31EDB002D834A /* Preview Assets.xcassets */,
			);
			path = "Preview Content";
			sourceTree = "<group>";
		};
		78F6FB192DE31EDB002D834A /* BinuAppTests */ = {
			isa = PBXGroup;
			children = (
				78F6FB1A2DE31EDB002D834A /* BinuAppTests.swift */,
			);
			path = BinuAppTests;
			sourceTree = "<group>";
		};
		78F6FB232DE31EDB002D834A /* BinuAppUITests */ = {
			isa = PBXGroup;
			children = (
				78F6FB242DE31EDB002D834A /* BinuAppUITests.swift */,
				78F6FB262DE31EDB002D834A /* BinuAppUITestsLaunchTests.swift */,
			);
			path = BinuAppUITests;
			sourceTree = "<group>";
		};
		78F6FB7C2DE33F2F002D834A /* Models */ = {
			isa = PBXGroup;
			children = (
				78F6FB932DE34B5A002D834A /* Forum */,
				78F6FB812DE33F73002D834A /* Auth */,
			);
			path = Models;
			sourceTree = "<group>";
		};
		78F6FB7D2DE33F38002D834A /* Views */ = {
			isa = PBXGroup;
			children = (
				78F6FB892DE34403002D834A /* Test Views */,
				78F6FB852DE33F9F002D834A /* Shared */,
				78F6FB802DE33F6A002D834A /* Auth */,
			);
			path = Views;
			sourceTree = "<group>";
		};
		78F6FB802DE33F6A002D834A /* Auth */ = {
			isa = PBXGroup;
			children = (
				78F6FB822DE33F8D002D834A /* Login.swift */,
			);
			path = Auth;
			sourceTree = "<group>";
		};
		78F6FB812DE33F73002D834A /* Auth */ = {
			isa = PBXGroup;
			children = (
				78F6FB7E2DE33F57002D834A /* AuthService.swift */,
			);
			path = Auth;
			sourceTree = "<group>";
		};
		78F6FB852DE33F9F002D834A /* Shared */ = {
			isa = PBXGroup;
			children = (
				78F6FB862DE33FAB002D834A /* Text Boxes */,
			);
			path = Shared;
			sourceTree = "<group>";
		};
		78F6FB862DE33FAB002D834A /* Text Boxes */ = {
			isa = PBXGroup;
			children = (
				78F6FB872DE33FC0002D834A /* FullWidthTextBox.swift */,
			);
			path = "Text Boxes";
			sourceTree = "<group>";
		};
		78F6FB892DE34403002D834A /* Test Views */ = {
			isa = PBXGroup;
			children = (
				78F6FBA92DE35122002D834A /* Forum */,
				78F6FB8A2DE3440E002D834A /* Auth */,
			);
			path = "Test Views";
			sourceTree = "<group>";
		};
		78F6FB8A2DE3440E002D834A /* Auth */ = {
			isa = PBXGroup;
			children = (
				78F6FB8B2DE3441C002D834A /* TestAuthView.swift */,
			);
			path = Auth;
			sourceTree = "<group>";
		};
		78F6FB932DE34B5A002D834A /* Forum */ = {
			isa = PBXGroup;
			children = (
				78F6FBAF2DE35B86002D834A /* PostService.swift */,
				78F6FB942DE34B75002D834A /* Post Models */,
			);
			path = Forum;
			sourceTree = "<group>";
		};
		78F6FB942DE34B75002D834A /* Post Models */ = {
			isa = PBXGroup;
			children = (
				78F6FBA42DE34EFC002D834A /* PostModel.swift */,
				78F6FB992DE34BB2002D834A /* PostImageModel.swift */,
				78F6FBA22DE34E75002D834A /* CommentModel.swift */,
				78F6FBA72DE34F4C002D834A /* SentimentModel.swift */,
			);
			path = "Post Models";
			sourceTree = "<group>";
		};
		78F6FBA92DE35122002D834A /* Forum */ = {
			isa = PBXGroup;
			children = (
				78F6FBAA2DE3513B002D834A /* ImagePickerView.swift */,
			);
			path = Forum;
			sourceTree = "<group>";
		};
		78F6FBAC2DE358BE002D834A /* Extensions */ = {
			isa = PBXGroup;
			children = (
				78F6FBAD2DE358CD002D834A /* UIImageExtension.swift */,
			);
			path = Extensions;
			sourceTree = "<group>";
		};
/* End PBXGroup section */

/* Begin PBXNativeTarget section */
		78F6FB022DE31EDA002D834A /* BinuApp */ = {
			isa = PBXNativeTarget;
			buildConfigurationList = 78F6FB2A2DE31EDB002D834A /* Build configuration list for PBXNativeTarget "BinuApp" */;
			buildPhases = (
				78F6FAFF2DE31EDA002D834A /* Sources */,
				78F6FB002DE31EDA002D834A /* Frameworks */,
				78F6FB012DE31EDA002D834A /* Resources */,
			);
			buildRules = (
			);
			dependencies = (
			);
			name = BinuApp;
			packageProductDependencies = (
				78F6FBB22DE37620002D834A /* FirebaseAuth */,
				78F6FBB42DE37620002D834A /* FirebaseCore */,
				78F6FBB62DE37620002D834A /* FirebaseFirestore */,
				78F6FBB82DE37620002D834A /* FirebaseStorage */,
			);
			productName = BinuApp;
			productReference = 78F6FB032DE31EDA002D834A /* BinuApp.app */;
			productType = "com.apple.product-type.application";
		};
		78F6FB152DE31EDB002D834A /* BinuAppTests */ = {
			isa = PBXNativeTarget;
			buildConfigurationList = 78F6FB2D2DE31EDB002D834A /* Build configuration list for PBXNativeTarget "BinuAppTests" */;
			buildPhases = (
				78F6FB122DE31EDB002D834A /* Sources */,
				78F6FB132DE31EDB002D834A /* Frameworks */,
				78F6FB142DE31EDB002D834A /* Resources */,
			);
			buildRules = (
			);
			dependencies = (
				78F6FB182DE31EDB002D834A /* PBXTargetDependency */,
			);
			name = BinuAppTests;
			productName = BinuAppTests;
			productReference = 78F6FB162DE31EDB002D834A /* BinuAppTests.xctest */;
			productType = "com.apple.product-type.bundle.unit-test";
		};
		78F6FB1F2DE31EDB002D834A /* BinuAppUITests */ = {
			isa = PBXNativeTarget;
			buildConfigurationList = 78F6FB302DE31EDB002D834A /* Build configuration list for PBXNativeTarget "BinuAppUITests" */;
			buildPhases = (
				78F6FB1C2DE31EDB002D834A /* Sources */,
				78F6FB1D2DE31EDB002D834A /* Frameworks */,
				78F6FB1E2DE31EDB002D834A /* Resources */,
			);
			buildRules = (
			);
			dependencies = (
				78F6FB222DE31EDB002D834A /* PBXTargetDependency */,
			);
			name = BinuAppUITests;
			productName = BinuAppUITests;
			productReference = 78F6FB202DE31EDB002D834A /* BinuAppUITests.xctest */;
			productType = "com.apple.product-type.bundle.ui-testing";
		};
/* End PBXNativeTarget section */

/* Begin PBXProject section */
		78F6FAFB2DE31EDA002D834A /* Project object */ = {
			isa = PBXProject;
			attributes = {
				BuildIndependentTargetsInParallel = 1;
				LastSwiftUpdateCheck = 1540;
				LastUpgradeCheck = 1540;
				TargetAttributes = {
					78F6FB022DE31EDA002D834A = {
						CreatedOnToolsVersion = 15.4;
					};
					78F6FB152DE31EDB002D834A = {
						CreatedOnToolsVersion = 15.4;
						TestTargetID = 78F6FB022DE31EDA002D834A;
					};
					78F6FB1F2DE31EDB002D834A = {
						CreatedOnToolsVersion = 15.4;
						TestTargetID = 78F6FB022DE31EDA002D834A;
					};
				};
			};
			buildConfigurationList = 78F6FAFE2DE31EDA002D834A /* Build configuration list for PBXProject "BinuApp" */;
			compatibilityVersion = "Xcode 14.0";
			developmentRegion = en;
			hasScannedForEncodings = 0;
			knownRegions = (
				en,
				Base,
			);
			mainGroup = 78F6FAFA2DE31EDA002D834A;
			packageReferences = (
				78F6FBB12DE37620002D834A /* XCRemoteSwiftPackageReference "firebase-ios-sdk" */,
			);
			productRefGroup = 78F6FB042DE31EDA002D834A /* Products */;
			projectDirPath = "";
			projectRoot = "";
			targets = (
				78F6FB022DE31EDA002D834A /* BinuApp */,
				78F6FB152DE31EDB002D834A /* BinuAppTests */,
				78F6FB1F2DE31EDB002D834A /* BinuAppUITests */,
			);
		};
/* End PBXProject section */

/* Begin PBXResourcesBuildPhase section */
		78F6FB012DE31EDA002D834A /* Resources */ = {
			isa = PBXResourcesBuildPhase;
			buildActionMask = 2147483647;
			files = (
				78F6FB762DE330FD002D834A /* GoogleService-Info.plist in Resources */,
				78F6FB112DE31EDB002D834A /* Preview Assets.xcassets in Resources */,
				78F6FB0D2DE31EDB002D834A /* Assets.xcassets in Resources */,
			);
			runOnlyForDeploymentPostprocessing = 0;
		};
		78F6FB142DE31EDB002D834A /* Resources */ = {
			isa = PBXResourcesBuildPhase;
			buildActionMask = 2147483647;
			files = (
			);
			runOnlyForDeploymentPostprocessing = 0;
		};
		78F6FB1E2DE31EDB002D834A /* Resources */ = {
			isa = PBXResourcesBuildPhase;
			buildActionMask = 2147483647;
			files = (
			);
			runOnlyForDeploymentPostprocessing = 0;
		};
/* End PBXResourcesBuildPhase section */

/* Begin PBXSourcesBuildPhase section */
		78F6FAFF2DE31EDA002D834A /* Sources */ = {
			isa = PBXSourcesBuildPhase;
			buildActionMask = 2147483647;
			files = (
				78F6FB092DE31EDA002D834A /* ContentView.swift in Sources */,
				78F6FBA52DE34EFC002D834A /* PostModel.swift in Sources */,
				78F6FBA32DE34E75002D834A /* CommentModel.swift in Sources */,
				78F6FBAB2DE3513B002D834A /* ImagePickerView.swift in Sources */,
				78F6FB072DE31EDA002D834A /* BinuAppApp.swift in Sources */,
				78F6FB7F2DE33F57002D834A /* AuthService.swift in Sources */,
				78F6FB882DE33FC0002D834A /* FullWidthTextBox.swift in Sources */,
				78F6FB8C2DE3441C002D834A /* TestAuthView.swift in Sources */,
				78F6FBA82DE34F4C002D834A /* SentimentModel.swift in Sources */,
				78F6FB832DE33F8D002D834A /* Login.swift in Sources */,
				78F6FBB02DE35B86002D834A /* PostService.swift in Sources */,
				78F6FB9A2DE34BB2002D834A /* PostImageModel.swift in Sources */,
				78F6FBAE2DE358CD002D834A /* UIImageExtension.swift in Sources */,
			);
			runOnlyForDeploymentPostprocessing = 0;
		};
		78F6FB122DE31EDB002D834A /* Sources */ = {
			isa = PBXSourcesBuildPhase;
			buildActionMask = 2147483647;
			files = (
				78F6FB1B2DE31EDB002D834A /* BinuAppTests.swift in Sources */,
			);
			runOnlyForDeploymentPostprocessing = 0;
		};
		78F6FB1C2DE31EDB002D834A /* Sources */ = {
			isa = PBXSourcesBuildPhase;
			buildActionMask = 2147483647;
			files = (
				78F6FB272DE31EDB002D834A /* BinuAppUITestsLaunchTests.swift in Sources */,
				78F6FB252DE31EDB002D834A /* BinuAppUITests.swift in Sources */,
			);
			runOnlyForDeploymentPostprocessing = 0;
		};
/* End PBXSourcesBuildPhase section */

/* Begin PBXTargetDependency section */
		78F6FB182DE31EDB002D834A /* PBXTargetDependency */ = {
			isa = PBXTargetDependency;
			target = 78F6FB022DE31EDA002D834A /* BinuApp */;
			targetProxy = 78F6FB172DE31EDB002D834A /* PBXContainerItemProxy */;
		};
		78F6FB222DE31EDB002D834A /* PBXTargetDependency */ = {
			isa = PBXTargetDependency;
			target = 78F6FB022DE31EDA002D834A /* BinuApp */;
			targetProxy = 78F6FB212DE31EDB002D834A /* PBXContainerItemProxy */;
		};
/* End PBXTargetDependency section */

/* Begin XCBuildConfiguration section */
		78F6FB282DE31EDB002D834A /* Debug */ = {
			isa = XCBuildConfiguration;
			buildSettings = {
				ALWAYS_SEARCH_USER_PATHS = NO;
				ASSETCATALOG_COMPILER_GENERATE_SWIFT_ASSET_SYMBOL_EXTENSIONS = YES;
				CLANG_ANALYZER_NONNULL = YES;
				CLANG_ANALYZER_NUMBER_OBJECT_CONVERSION = YES_AGGRESSIVE;
				CLANG_CXX_LANGUAGE_STANDARD = "gnu++20";
				CLANG_ENABLE_MODULES = YES;
				CLANG_ENABLE_OBJC_ARC = YES;
				CLANG_ENABLE_OBJC_WEAK = YES;
				CLANG_WARN_BLOCK_CAPTURE_AUTORELEASING = YES;
				CLANG_WARN_BOOL_CONVERSION = YES;
				CLANG_WARN_COMMA = YES;
				CLANG_WARN_CONSTANT_CONVERSION = YES;
				CLANG_WARN_DEPRECATED_OBJC_IMPLEMENTATIONS = YES;
				CLANG_WARN_DIRECT_OBJC_ISA_USAGE = YES_ERROR;
				CLANG_WARN_DOCUMENTATION_COMMENTS = YES;
				CLANG_WARN_EMPTY_BODY = YES;
				CLANG_WARN_ENUM_CONVERSION = YES;
				CLANG_WARN_INFINITE_RECURSION = YES;
				CLANG_WARN_INT_CONVERSION = YES;
				CLANG_WARN_NON_LITERAL_NULL_CONVERSION = YES;
				CLANG_WARN_OBJC_IMPLICIT_RETAIN_SELF = YES;
				CLANG_WARN_OBJC_LITERAL_CONVERSION = YES;
				CLANG_WARN_OBJC_ROOT_CLASS = YES_ERROR;
				CLANG_WARN_QUOTED_INCLUDE_IN_FRAMEWORK_HEADER = YES;
				CLANG_WARN_RANGE_LOOP_ANALYSIS = YES;
				CLANG_WARN_STRICT_PROTOTYPES = YES;
				CLANG_WARN_SUSPICIOUS_MOVE = YES;
				CLANG_WARN_UNGUARDED_AVAILABILITY = YES_AGGRESSIVE;
				CLANG_WARN_UNREACHABLE_CODE = YES;
				CLANG_WARN__DUPLICATE_METHOD_MATCH = YES;
				COPY_PHASE_STRIP = NO;
				DEBUG_INFORMATION_FORMAT = dwarf;
				ENABLE_STRICT_OBJC_MSGSEND = YES;
				ENABLE_TESTABILITY = YES;
				ENABLE_USER_SCRIPT_SANDBOXING = YES;
				GCC_C_LANGUAGE_STANDARD = gnu17;
				GCC_DYNAMIC_NO_PIC = NO;
				GCC_NO_COMMON_BLOCKS = YES;
				GCC_OPTIMIZATION_LEVEL = 0;
				GCC_PREPROCESSOR_DEFINITIONS = (
					"DEBUG=1",
					"$(inherited)",
				);
				GCC_WARN_64_TO_32_BIT_CONVERSION = YES;
				GCC_WARN_ABOUT_RETURN_TYPE = YES_ERROR;
				GCC_WARN_UNDECLARED_SELECTOR = YES;
				GCC_WARN_UNINITIALIZED_AUTOS = YES_AGGRESSIVE;
				GCC_WARN_UNUSED_FUNCTION = YES;
				GCC_WARN_UNUSED_VARIABLE = YES;
				LOCALIZATION_PREFERS_STRING_CATALOGS = YES;
				MTL_ENABLE_DEBUG_INFO = INCLUDE_SOURCE;
				MTL_FAST_MATH = YES;
				ONLY_ACTIVE_ARCH = YES;
				SWIFT_ACTIVE_COMPILATION_CONDITIONS = "DEBUG $(inherited)";
				SWIFT_OPTIMIZATION_LEVEL = "-Onone";
			};
			name = Debug;
		};
		78F6FB292DE31EDB002D834A /* Release */ = {
			isa = XCBuildConfiguration;
			buildSettings = {
				ALWAYS_SEARCH_USER_PATHS = NO;
				ASSETCATALOG_COMPILER_GENERATE_SWIFT_ASSET_SYMBOL_EXTENSIONS = YES;
				CLANG_ANALYZER_NONNULL = YES;
				CLANG_ANALYZER_NUMBER_OBJECT_CONVERSION = YES_AGGRESSIVE;
				CLANG_CXX_LANGUAGE_STANDARD = "gnu++20";
				CLANG_ENABLE_MODULES = YES;
				CLANG_ENABLE_OBJC_ARC = YES;
				CLANG_ENABLE_OBJC_WEAK = YES;
				CLANG_WARN_BLOCK_CAPTURE_AUTORELEASING = YES;
				CLANG_WARN_BOOL_CONVERSION = YES;
				CLANG_WARN_COMMA = YES;
				CLANG_WARN_CONSTANT_CONVERSION = YES;
				CLANG_WARN_DEPRECATED_OBJC_IMPLEMENTATIONS = YES;
				CLANG_WARN_DIRECT_OBJC_ISA_USAGE = YES_ERROR;
				CLANG_WARN_DOCUMENTATION_COMMENTS = YES;
				CLANG_WARN_EMPTY_BODY = YES;
				CLANG_WARN_ENUM_CONVERSION = YES;
				CLANG_WARN_INFINITE_RECURSION = YES;
				CLANG_WARN_INT_CONVERSION = YES;
				CLANG_WARN_NON_LITERAL_NULL_CONVERSION = YES;
				CLANG_WARN_OBJC_IMPLICIT_RETAIN_SELF = YES;
				CLANG_WARN_OBJC_LITERAL_CONVERSION = YES;
				CLANG_WARN_OBJC_ROOT_CLASS = YES_ERROR;
				CLANG_WARN_QUOTED_INCLUDE_IN_FRAMEWORK_HEADER = YES;
				CLANG_WARN_RANGE_LOOP_ANALYSIS = YES;
				CLANG_WARN_STRICT_PROTOTYPES = YES;
				CLANG_WARN_SUSPICIOUS_MOVE = YES;
				CLANG_WARN_UNGUARDED_AVAILABILITY = YES_AGGRESSIVE;
				CLANG_WARN_UNREACHABLE_CODE = YES;
				CLANG_WARN__DUPLICATE_METHOD_MATCH = YES;
				COPY_PHASE_STRIP = NO;
				DEBUG_INFORMATION_FORMAT = "dwarf-with-dsym";
				ENABLE_NS_ASSERTIONS = NO;
				ENABLE_STRICT_OBJC_MSGSEND = YES;
				ENABLE_USER_SCRIPT_SANDBOXING = YES;
				GCC_C_LANGUAGE_STANDARD = gnu17;
				GCC_NO_COMMON_BLOCKS = YES;
				GCC_WARN_64_TO_32_BIT_CONVERSION = YES;
				GCC_WARN_ABOUT_RETURN_TYPE = YES_ERROR;
				GCC_WARN_UNDECLARED_SELECTOR = YES;
				GCC_WARN_UNINITIALIZED_AUTOS = YES_AGGRESSIVE;
				GCC_WARN_UNUSED_FUNCTION = YES;
				GCC_WARN_UNUSED_VARIABLE = YES;
				LOCALIZATION_PREFERS_STRING_CATALOGS = YES;
				MTL_ENABLE_DEBUG_INFO = NO;
				MTL_FAST_MATH = YES;
				SWIFT_COMPILATION_MODE = wholemodule;
			};
			name = Release;
		};
		78F6FB2B2DE31EDB002D834A /* Debug */ = {
			isa = XCBuildConfiguration;
			buildSettings = {
				ASSETCATALOG_COMPILER_APPICON_NAME = AppIcon;
				ASSETCATALOG_COMPILER_GLOBAL_ACCENT_COLOR_NAME = AccentColor;
				CODE_SIGN_ENTITLEMENTS = BinuApp/BinuApp.entitlements;
				CODE_SIGN_STYLE = Automatic;
				CURRENT_PROJECT_VERSION = 1;
				DEVELOPMENT_ASSET_PATHS = "\"BinuApp/Preview Content\"";
				DEVELOPMENT_TEAM = K8P2G5F46C;
				ENABLE_HARDENED_RUNTIME = YES;
				ENABLE_PREVIEWS = YES;
				GENERATE_INFOPLIST_FILE = YES;
				"INFOPLIST_KEY_UIApplicationSceneManifest_Generation[sdk=iphoneos*]" = YES;
				"INFOPLIST_KEY_UIApplicationSceneManifest_Generation[sdk=iphonesimulator*]" = YES;
				"INFOPLIST_KEY_UIApplicationSupportsIndirectInputEvents[sdk=iphoneos*]" = YES;
				"INFOPLIST_KEY_UIApplicationSupportsIndirectInputEvents[sdk=iphonesimulator*]" = YES;
				"INFOPLIST_KEY_UILaunchScreen_Generation[sdk=iphoneos*]" = YES;
				"INFOPLIST_KEY_UILaunchScreen_Generation[sdk=iphonesimulator*]" = YES;
				"INFOPLIST_KEY_UIStatusBarStyle[sdk=iphoneos*]" = UIStatusBarStyleDefault;
				"INFOPLIST_KEY_UIStatusBarStyle[sdk=iphonesimulator*]" = UIStatusBarStyleDefault;
				INFOPLIST_KEY_UISupportedInterfaceOrientations_iPad = "UIInterfaceOrientationPortrait UIInterfaceOrientationPortraitUpsideDown UIInterfaceOrientationLandscapeLeft UIInterfaceOrientationLandscapeRight";
				INFOPLIST_KEY_UISupportedInterfaceOrientations_iPhone = "UIInterfaceOrientationPortrait UIInterfaceOrientationLandscapeLeft UIInterfaceOrientationLandscapeRight";
				IPHONEOS_DEPLOYMENT_TARGET = 17.0;
				LD_RUNPATH_SEARCH_PATHS = "@executable_path/Frameworks";
				"LD_RUNPATH_SEARCH_PATHS[sdk=macosx*]" = "@executable_path/../Frameworks";
				MACOSX_DEPLOYMENT_TARGET = 14.0;
				MARKETING_VERSION = 1.0;
				OTHER_LDFLAGS = "";
				PRODUCT_BUNDLE_IDENTIFIER = ryanDev.BinuApp;
				PRODUCT_NAME = "$(TARGET_NAME)";
				SDKROOT = auto;
				SUPPORTED_PLATFORMS = "iphoneos iphonesimulator macosx";
				SWIFT_EMIT_LOC_STRINGS = YES;
				SWIFT_VERSION = 5.0;
				TARGETED_DEVICE_FAMILY = "1,2";
			};
			name = Debug;
		};
		78F6FB2C2DE31EDB002D834A /* Release */ = {
			isa = XCBuildConfiguration;
			buildSettings = {
				ASSETCATALOG_COMPILER_APPICON_NAME = AppIcon;
				ASSETCATALOG_COMPILER_GLOBAL_ACCENT_COLOR_NAME = AccentColor;
				CODE_SIGN_ENTITLEMENTS = BinuApp/BinuApp.entitlements;
				CODE_SIGN_STYLE = Automatic;
				CURRENT_PROJECT_VERSION = 1;
				DEVELOPMENT_ASSET_PATHS = "\"BinuApp/Preview Content\"";
				DEVELOPMENT_TEAM = K8P2G5F46C;
				ENABLE_HARDENED_RUNTIME = YES;
				ENABLE_PREVIEWS = YES;
				GENERATE_INFOPLIST_FILE = YES;
				"INFOPLIST_KEY_UIApplicationSceneManifest_Generation[sdk=iphoneos*]" = YES;
				"INFOPLIST_KEY_UIApplicationSceneManifest_Generation[sdk=iphonesimulator*]" = YES;
				"INFOPLIST_KEY_UIApplicationSupportsIndirectInputEvents[sdk=iphoneos*]" = YES;
				"INFOPLIST_KEY_UIApplicationSupportsIndirectInputEvents[sdk=iphonesimulator*]" = YES;
				"INFOPLIST_KEY_UILaunchScreen_Generation[sdk=iphoneos*]" = YES;
				"INFOPLIST_KEY_UILaunchScreen_Generation[sdk=iphonesimulator*]" = YES;
				"INFOPLIST_KEY_UIStatusBarStyle[sdk=iphoneos*]" = UIStatusBarStyleDefault;
				"INFOPLIST_KEY_UIStatusBarStyle[sdk=iphonesimulator*]" = UIStatusBarStyleDefault;
				INFOPLIST_KEY_UISupportedInterfaceOrientations_iPad = "UIInterfaceOrientationPortrait UIInterfaceOrientationPortraitUpsideDown UIInterfaceOrientationLandscapeLeft UIInterfaceOrientationLandscapeRight";
				INFOPLIST_KEY_UISupportedInterfaceOrientations_iPhone = "UIInterfaceOrientationPortrait UIInterfaceOrientationLandscapeLeft UIInterfaceOrientationLandscapeRight";
				IPHONEOS_DEPLOYMENT_TARGET = 17.0;
				LD_RUNPATH_SEARCH_PATHS = "@executable_path/Frameworks";
				"LD_RUNPATH_SEARCH_PATHS[sdk=macosx*]" = "@executable_path/../Frameworks";
				MACOSX_DEPLOYMENT_TARGET = 14.0;
				MARKETING_VERSION = 1.0;
				OTHER_LDFLAGS = "";
				PRODUCT_BUNDLE_IDENTIFIER = ryanDev.BinuApp;
				PRODUCT_NAME = "$(TARGET_NAME)";
				SDKROOT = auto;
				SUPPORTED_PLATFORMS = "iphoneos iphonesimulator macosx";
				SWIFT_EMIT_LOC_STRINGS = YES;
				SWIFT_VERSION = 5.0;
				TARGETED_DEVICE_FAMILY = "1,2";
			};
			name = Release;
		};
		78F6FB2E2DE31EDB002D834A /* Debug */ = {
			isa = XCBuildConfiguration;
			buildSettings = {
				ALWAYS_EMBED_SWIFT_STANDARD_LIBRARIES = YES;
				BUNDLE_LOADER = "$(TEST_HOST)";
				CODE_SIGN_STYLE = Automatic;
				CURRENT_PROJECT_VERSION = 1;
				DEVELOPMENT_TEAM = K8P2G5F46C;
				GENERATE_INFOPLIST_FILE = YES;
				IPHONEOS_DEPLOYMENT_TARGET = 17.5;
				MACOSX_DEPLOYMENT_TARGET = 14.5;
				MARKETING_VERSION = 1.0;
				PRODUCT_BUNDLE_IDENTIFIER = ryanDev.BinuAppTests;
				PRODUCT_NAME = "$(TARGET_NAME)";
				SDKROOT = auto;
				SUPPORTED_PLATFORMS = "iphoneos iphonesimulator macosx";
				SWIFT_EMIT_LOC_STRINGS = NO;
				SWIFT_VERSION = 5.0;
				TARGETED_DEVICE_FAMILY = "1,2";
				TEST_HOST = "$(BUILT_PRODUCTS_DIR)/BinuApp.app/$(BUNDLE_EXECUTABLE_FOLDER_PATH)/BinuApp";
			};
			name = Debug;
		};
		78F6FB2F2DE31EDB002D834A /* Release */ = {
			isa = XCBuildConfiguration;
			buildSettings = {
				ALWAYS_EMBED_SWIFT_STANDARD_LIBRARIES = YES;
				BUNDLE_LOADER = "$(TEST_HOST)";
				CODE_SIGN_STYLE = Automatic;
				CURRENT_PROJECT_VERSION = 1;
				DEVELOPMENT_TEAM = K8P2G5F46C;
				GENERATE_INFOPLIST_FILE = YES;
				IPHONEOS_DEPLOYMENT_TARGET = 17.5;
				MACOSX_DEPLOYMENT_TARGET = 14.5;
				MARKETING_VERSION = 1.0;
				PRODUCT_BUNDLE_IDENTIFIER = ryanDev.BinuAppTests;
				PRODUCT_NAME = "$(TARGET_NAME)";
				SDKROOT = auto;
				SUPPORTED_PLATFORMS = "iphoneos iphonesimulator macosx";
				SWIFT_EMIT_LOC_STRINGS = NO;
				SWIFT_VERSION = 5.0;
				TARGETED_DEVICE_FAMILY = "1,2";
				TEST_HOST = "$(BUILT_PRODUCTS_DIR)/BinuApp.app/$(BUNDLE_EXECUTABLE_FOLDER_PATH)/BinuApp";
			};
			name = Release;
		};
		78F6FB312DE31EDB002D834A /* Debug */ = {
			isa = XCBuildConfiguration;
			buildSettings = {
				ALWAYS_EMBED_SWIFT_STANDARD_LIBRARIES = YES;
				CODE_SIGN_STYLE = Automatic;
				CURRENT_PROJECT_VERSION = 1;
				DEVELOPMENT_TEAM = K8P2G5F46C;
				GENERATE_INFOPLIST_FILE = YES;
				IPHONEOS_DEPLOYMENT_TARGET = 17.5;
				MACOSX_DEPLOYMENT_TARGET = 14.5;
				MARKETING_VERSION = 1.0;
				PRODUCT_BUNDLE_IDENTIFIER = ryanDev.BinuAppUITests;
				PRODUCT_NAME = "$(TARGET_NAME)";
				SDKROOT = auto;
				SUPPORTED_PLATFORMS = "iphoneos iphonesimulator macosx";
				SWIFT_EMIT_LOC_STRINGS = NO;
				SWIFT_VERSION = 5.0;
				TARGETED_DEVICE_FAMILY = "1,2";
				TEST_TARGET_NAME = BinuApp;
			};
			name = Debug;
		};
		78F6FB322DE31EDB002D834A /* Release */ = {
			isa = XCBuildConfiguration;
			buildSettings = {
				ALWAYS_EMBED_SWIFT_STANDARD_LIBRARIES = YES;
				CODE_SIGN_STYLE = Automatic;
				CURRENT_PROJECT_VERSION = 1;
				DEVELOPMENT_TEAM = K8P2G5F46C;
				GENERATE_INFOPLIST_FILE = YES;
				IPHONEOS_DEPLOYMENT_TARGET = 17.5;
				MACOSX_DEPLOYMENT_TARGET = 14.5;
				MARKETING_VERSION = 1.0;
				PRODUCT_BUNDLE_IDENTIFIER = ryanDev.BinuAppUITests;
				PRODUCT_NAME = "$(TARGET_NAME)";
				SDKROOT = auto;
				SUPPORTED_PLATFORMS = "iphoneos iphonesimulator macosx";
				SWIFT_EMIT_LOC_STRINGS = NO;
				SWIFT_VERSION = 5.0;
				TARGETED_DEVICE_FAMILY = "1,2";
				TEST_TARGET_NAME = BinuApp;
			};
			name = Release;
		};
/* End XCBuildConfiguration section */

/* Begin XCConfigurationList section */
		78F6FAFE2DE31EDA002D834A /* Build configuration list for PBXProject "BinuApp" */ = {
			isa = XCConfigurationList;
			buildConfigurations = (
				78F6FB282DE31EDB002D834A /* Debug */,
				78F6FB292DE31EDB002D834A /* Release */,
			);
			defaultConfigurationIsVisible = 0;
			defaultConfigurationName = Release;
		};
		78F6FB2A2DE31EDB002D834A /* Build configuration list for PBXNativeTarget "BinuApp" */ = {
			isa = XCConfigurationList;
			buildConfigurations = (
				78F6FB2B2DE31EDB002D834A /* Debug */,
				78F6FB2C2DE31EDB002D834A /* Release */,
			);
			defaultConfigurationIsVisible = 0;
			defaultConfigurationName = Release;
		};
		78F6FB2D2DE31EDB002D834A /* Build configuration list for PBXNativeTarget "BinuAppTests" */ = {
			isa = XCConfigurationList;
			buildConfigurations = (
				78F6FB2E2DE31EDB002D834A /* Debug */,
				78F6FB2F2DE31EDB002D834A /* Release */,
			);
			defaultConfigurationIsVisible = 0;
			defaultConfigurationName = Release;
		};
		78F6FB302DE31EDB002D834A /* Build configuration list for PBXNativeTarget "BinuAppUITests" */ = {
			isa = XCConfigurationList;
			buildConfigurations = (
				78F6FB312DE31EDB002D834A /* Debug */,
				78F6FB322DE31EDB002D834A /* Release */,
			);
			defaultConfigurationIsVisible = 0;
			defaultConfigurationName = Release;
		};
/* End XCConfigurationList section */

/* Begin XCRemoteSwiftPackageReference section */
		78F6FBB12DE37620002D834A /* XCRemoteSwiftPackageReference "firebase-ios-sdk" */ = {
			isa = XCRemoteSwiftPackageReference;
			repositoryURL = "https://github.com/firebase/firebase-ios-sdk.git";
			requirement = {
				kind = versionRange;
				maximumVersion = 11.10.0;
				minimumVersion = 10.25.0;
			};
		};
/* End XCRemoteSwiftPackageReference section */

/* Begin XCSwiftPackageProductDependency section */
		78F6FBB22DE37620002D834A /* FirebaseAuth */ = {
			isa = XCSwiftPackageProductDependency;
			package = 78F6FBB12DE37620002D834A /* XCRemoteSwiftPackageReference "firebase-ios-sdk" */;
			productName = FirebaseAuth;
		};
		78F6FBB42DE37620002D834A /* FirebaseCore */ = {
			isa = XCSwiftPackageProductDependency;
			package = 78F6FBB12DE37620002D834A /* XCRemoteSwiftPackageReference "firebase-ios-sdk" */;
			productName = FirebaseCore;
		};
		78F6FBB62DE37620002D834A /* FirebaseFirestore */ = {
			isa = XCSwiftPackageProductDependency;
			package = 78F6FBB12DE37620002D834A /* XCRemoteSwiftPackageReference "firebase-ios-sdk" */;
			productName = FirebaseFirestore;
		};
		78F6FBB82DE37620002D834A /* FirebaseStorage */ = {
			isa = XCSwiftPackageProductDependency;
			package = 78F6FBB12DE37620002D834A /* XCRemoteSwiftPackageReference "firebase-ios-sdk" */;
			productName = FirebaseStorage;
		};
/* End XCSwiftPackageProductDependency section */
	};
	rootObject = 78F6FAFB2DE31EDA002D834A /* Project object */;
}
