// !$*UTF8*$!
{
	archiveVersion = 1;
	classes = {
	};
	objectVersion = 56;
	objects = {

/* Begin PBXBuildFile section */
		311B310D2E365E150016B44E /* LibraryModels.swift in Sources */ = {isa = PBXBuildFile; fileRef = 311B310C2E365E150016B44E /* LibraryModels.swift */; };
		311B31112E367A4D0016B44E /* PostViewModel.swift in Sources */ = {isa = PBXBuildFile; fileRef = 311B31102E367A4D0016B44E /* PostViewModel.swift */; };
		311B31132E3685480016B44E /* EditProfileView.swift in Sources */ = {isa = PBXBuildFile; fileRef = 311B31122E3685480016B44E /* EditProfileView.swift */; };
		311B31162E369E560016B44E /* EmergencyView.swift in Sources */ = {isa = PBXBuildFile; fileRef = 311B31152E369E560016B44E /* EmergencyView.swift */; };
		3154129E2DE37ADB00447409 /* FirebaseAuth in Frameworks */ = {isa = PBXBuildFile; productRef = 3154129D2DE37ADB00447409 /* FirebaseAuth */; };
		315412A02DE37ADB00447409 /* FirebaseCore in Frameworks */ = {isa = PBXBuildFile; productRef = 3154129F2DE37ADB00447409 /* FirebaseCore */; };
		315412A22DE37ADB00447409 /* FirebaseFirestore in Frameworks */ = {isa = PBXBuildFile; productRef = 315412A12DE37ADB00447409 /* FirebaseFirestore */; };
		315412A42DE37ADB00447409 /* FirebaseStorage in Frameworks */ = {isa = PBXBuildFile; productRef = 315412A32DE37ADB00447409 /* FirebaseStorage */; };
		318971462DFC334C005A4955 /* waves.gif in Resources */ = {isa = PBXBuildFile; fileRef = 318971452DFC334C005A4955 /* waves.gif */; };
		31E787D52E338B0800D8AD3F /* GoogleService-Info.plist in Resources */ = {isa = PBXBuildFile; fileRef = 31E787D42E338B0800D8AD3F /* GoogleService-Info.plist */; };
		31EF9E572DFF0000008FD5C7 /* CombinedCommentView.swift in Sources */ = {isa = PBXBuildFile; fileRef = 31EF9E562DFF0000008FD5C7 /* CombinedCommentView.swift */; };
		780B65352DEC102E00F58AF5 /* CommentService.swift in Sources */ = {isa = PBXBuildFile; fileRef = 780B65342DEC102E00F58AF5 /* CommentService.swift */; };
		780B65372DEC104C00F58AF5 /* SentimentService.swift in Sources */ = {isa = PBXBuildFile; fileRef = 780B65362DEC104C00F58AF5 /* SentimentService.swift */; };
		780B653F2DEC197600F58AF5 /* AuthViewModel.swift in Sources */ = {isa = PBXBuildFile; fileRef = 780B653E2DEC197600F58AF5 /* AuthViewModel.swift */; };
		780B65412DEC198600F58AF5 /* OnboardingViewModel.swift in Sources */ = {isa = PBXBuildFile; fileRef = 780B65402DEC198600F58AF5 /* OnboardingViewModel.swift */; };
		780B65452DEC19A600F58AF5 /* ForumViewModel.swift in Sources */ = {isa = PBXBuildFile; fileRef = 780B65442DEC19A600F58AF5 /* ForumViewModel.swift */; };
		780B654C2DEC1A4B00F58AF5 /* LibraryViewModel.swift in Sources */ = {isa = PBXBuildFile; fileRef = 780B654B2DEC1A4B00F58AF5 /* LibraryViewModel.swift */; };
		780B65502DEC1A7E00F58AF5 /* LoginView.swift in Sources */ = {isa = PBXBuildFile; fileRef = 780B654F2DEC1A7E00F58AF5 /* LoginView.swift */; };
		780B65522DEC1A8400F58AF5 /* SignUpView.swift in Sources */ = {isa = PBXBuildFile; fileRef = 780B65512DEC1A8400F58AF5 /* SignUpView.swift */; };
		780B65582DEC1AC600F58AF5 /* MainTabView.swift in Sources */ = {isa = PBXBuildFile; fileRef = 780B65572DEC1AC600F58AF5 /* MainTabView.swift */; };
		780B655B2DEC1AEB00F58AF5 /* ForumView.swift in Sources */ = {isa = PBXBuildFile; fileRef = 780B655A2DEC1AEB00F58AF5 /* ForumView.swift */; };
		780B655D2DEC1AF700F58AF5 /* PostRowView.swift in Sources */ = {isa = PBXBuildFile; fileRef = 780B655C2DEC1AF700F58AF5 /* PostRowView.swift */; };
		780B65602DEC1B1700F58AF5 /* LibraryView.swift in Sources */ = {isa = PBXBuildFile; fileRef = 780B655F2DEC1B1700F58AF5 /* LibraryView.swift */; };
		780B65662DEC1B6100F58AF5 /* AccountView.swift in Sources */ = {isa = PBXBuildFile; fileRef = 780B65652DEC1B6100F58AF5 /* AccountView.swift */; };
		780B65682DEC1B7400F58AF5 /* LoadingSpinnerView.swift in Sources */ = {isa = PBXBuildFile; fileRef = 780B65672DEC1B7400F58AF5 /* LoadingSpinnerView.swift */; };
		780B656A2DEC1B7C00F58AF5 /* ErrorBannerView.swift in Sources */ = {isa = PBXBuildFile; fileRef = 780B65692DEC1B7C00F58AF5 /* ErrorBannerView.swift */; };
		780B656D2DEC1E1C00F58AF5 /* UserModel.swift in Sources */ = {isa = PBXBuildFile; fileRef = 780B656C2DEC1E1C00F58AF5 /* UserModel.swift */; };
		780B65712DEC285400F58AF5 /* NotReadyView.swift in Sources */ = {isa = PBXBuildFile; fileRef = 780B65702DEC285400F58AF5 /* NotReadyView.swift */; };
		780B65752DEC2C3800F58AF5 /* CreatePostView.swift in Sources */ = {isa = PBXBuildFile; fileRef = 780B65742DEC2C3800F58AF5 /* CreatePostView.swift */; };
		780B65772DEC809C00F58AF5 /* EnterUsernameView.swift in Sources */ = {isa = PBXBuildFile; fileRef = 780B65762DEC809C00F58AF5 /* EnterUsernameView.swift */; };
		78309CB72E0C122A00EB17B6 /* AppUUID.swift in Sources */ = {isa = PBXBuildFile; fileRef = 78309CB62E0C122A00EB17B6 /* AppUUID.swift */; };
		7833481E2DF68F6C00207E2C /* LogoView.swift in Sources */ = {isa = PBXBuildFile; fileRef = 7833481D2DF68F6C00207E2C /* LogoView.swift */; };
		783348242DF694F400207E2C /* GIFView.swift in Sources */ = {isa = PBXBuildFile; fileRef = 783348232DF694F400207E2C /* GIFView.swift */; };
		783348292DF6C20F00207E2C /* CommentViewModel.swift in Sources */ = {isa = PBXBuildFile; fileRef = 783348282DF6C20F00207E2C /* CommentViewModel.swift */; };
		7833482B2DF6C28700207E2C /* CommentRowView.swift in Sources */ = {isa = PBXBuildFile; fileRef = 7833482A2DF6C28700207E2C /* CommentRowView.swift */; };
		7833482D2DF6C2C000207E2C /* CommentView.swift in Sources */ = {isa = PBXBuildFile; fileRef = 7833482C2DF6C2C000207E2C /* CommentView.swift */; };
		7833482F2DF6C2D400207E2C /* CreateCommentView.swift in Sources */ = {isa = PBXBuildFile; fileRef = 7833482E2DF6C2D400207E2C /* CreateCommentView.swift */; };
		783348312DF6C2DD00207E2C /* EditCommentView.swift in Sources */ = {isa = PBXBuildFile; fileRef = 783348302DF6C2DD00207E2C /* EditCommentView.swift */; };
		78510CC82E114A98004D18A6 /* FirebaseCore in Frameworks */ = {isa = PBXBuildFile; productRef = 78510CC72E114A98004D18A6 /* FirebaseCore */; };
		78510CCA2E114A9F004D18A6 /* FirebaseStorage in Frameworks */ = {isa = PBXBuildFile; productRef = 78510CC92E114A9F004D18A6 /* FirebaseStorage */; };
		78510CCC2E114AA9004D18A6 /* FirebaseFirestore in Frameworks */ = {isa = PBXBuildFile; productRef = 78510CCB2E114AA9004D18A6 /* FirebaseFirestore */; };
		78510CCE2E114AAC004D18A6 /* FirebaseAuth in Frameworks */ = {isa = PBXBuildFile; productRef = 78510CCD2E114AAC004D18A6 /* FirebaseAuth */; };
		78510CD12E114FBB004D18A6 /* PeripheralManaging.swift in Sources */ = {isa = PBXBuildFile; fileRef = 78510CD02E114FB6004D18A6 /* PeripheralManaging.swift */; };
		78510CD32E115151004D18A6 /* BroadcastServiceTests.swift in Sources */ = {isa = PBXBuildFile; fileRef = 78510CD22E11514B004D18A6 /* BroadcastServiceTests.swift */; };
		785BDEEA2E0FE57300E212BB /* BroadcastDataModel.swift in Sources */ = {isa = PBXBuildFile; fileRef = 785BDEE92E0FE56D00E212BB /* BroadcastDataModel.swift */; };
		785BDEEC2E0FE59F00E212BB /* ItemPickerView.swift in Sources */ = {isa = PBXBuildFile; fileRef = 785BDEEB2E0FE59F00E212BB /* ItemPickerView.swift */; };
		785BDF002E1036A000E212BB /* NotificationExtension.swift in Sources */ = {isa = PBXBuildFile; fileRef = 785BDEFF2E10369800E212BB /* NotificationExtension.swift */; };
		785BDF022E1117B300E212BB /* UUIDExtension.swift in Sources */ = {isa = PBXBuildFile; fileRef = 785BDF012E1117AF00E212BB /* UUIDExtension.swift */; };
		78A744022E1147BE002A25C7 /* FirebaseAuth in Frameworks */ = {isa = PBXBuildFile; productRef = 78A744012E1147BE002A25C7 /* FirebaseAuth */; };
		78A744042E1147C4002A25C7 /* FirebaseCore in Frameworks */ = {isa = PBXBuildFile; productRef = 78A744032E1147C4002A25C7 /* FirebaseCore */; };
		78A744062E114807002A25C7 /* FirebaseStorage in Frameworks */ = {isa = PBXBuildFile; productRef = 78A744052E114807002A25C7 /* FirebaseStorage */; };
		78A744082E11480C002A25C7 /* FirebaseFirestore in Frameworks */ = {isa = PBXBuildFile; productRef = 78A744072E11480C002A25C7 /* FirebaseFirestore */; };
		78D1E1802E0E586B00F77CB3 /* ItemModel.swift in Sources */ = {isa = PBXBuildFile; fileRef = 78D1E17F2E0E586B00F77CB3 /* ItemModel.swift */; };
		78EBD2DC2E2F6E680094CE8C /* PeripheralManager.swift in Sources */ = {isa = PBXBuildFile; fileRef = 78EBD2DB2E2F6E610094CE8C /* PeripheralManager.swift */; };
		78EBD2DF2E322B720094CE8C /* PeripheralView.swift in Sources */ = {isa = PBXBuildFile; fileRef = 78EBD2DE2E322B720094CE8C /* PeripheralView.swift */; };
		78EBD2E12E322D830094CE8C /* CentralManager.swift in Sources */ = {isa = PBXBuildFile; fileRef = 78EBD2E02E322D830094CE8C /* CentralManager.swift */; };
		78EBD2E32E322DB50094CE8C /* CentralView.swift in Sources */ = {isa = PBXBuildFile; fileRef = 78EBD2E22E322DB50094CE8C /* CentralView.swift */; };
		78EBD2E62E3230840094CE8C /* DataExtension.swift in Sources */ = {isa = PBXBuildFile; fileRef = 78EBD2E52E32307F0094CE8C /* DataExtension.swift */; };
		78EBD2E82E32309C0094CE8C /* StringExtension.swift in Sources */ = {isa = PBXBuildFile; fileRef = 78EBD2E72E32309A0094CE8C /* StringExtension.swift */; };
		78EBD2EA2E32312F0094CE8C /* CBCharacteristicPropertiesExtension.swift in Sources */ = {isa = PBXBuildFile; fileRef = 78EBD2E92E3231280094CE8C /* CBCharacteristicPropertiesExtension.swift */; };
		78EBD2EC2E32335A0094CE8C /* CBCharacteristicExtension.swift in Sources */ = {isa = PBXBuildFile; fileRef = 78EBD2EB2E3233530094CE8C /* CBCharacteristicExtension.swift */; };
		78F6FB072DE31EDA002D834A /* AppEntry.swift in Sources */ = {isa = PBXBuildFile; fileRef = 78F6FB062DE31EDA002D834A /* AppEntry.swift */; };
		78F6FB092DE31EDA002D834A /* ContentView.swift in Sources */ = {isa = PBXBuildFile; fileRef = 78F6FB082DE31EDA002D834A /* ContentView.swift */; };
		78F6FB0D2DE31EDB002D834A /* Assets.xcassets in Resources */ = {isa = PBXBuildFile; fileRef = 78F6FB0C2DE31EDB002D834A /* Assets.xcassets */; };
		78F6FB112DE31EDB002D834A /* Preview Assets.xcassets in Resources */ = {isa = PBXBuildFile; fileRef = 78F6FB102DE31EDB002D834A /* Preview Assets.xcassets */; };
		78F6FB1B2DE31EDB002D834A /* BinuAppTests.swift in Sources */ = {isa = PBXBuildFile; fileRef = 78F6FB1A2DE31EDB002D834A /* BinuAppTests.swift */; };
		78F6FB252DE31EDB002D834A /* BinuAppUITests.swift in Sources */ = {isa = PBXBuildFile; fileRef = 78F6FB242DE31EDB002D834A /* BinuAppUITests.swift */; };
		78F6FB272DE31EDB002D834A /* BinuAppUITestsLaunchTests.swift in Sources */ = {isa = PBXBuildFile; fileRef = 78F6FB262DE31EDB002D834A /* BinuAppUITestsLaunchTests.swift */; };
		78F6FB7F2DE33F57002D834A /* AuthService.swift in Sources */ = {isa = PBXBuildFile; fileRef = 78F6FB7E2DE33F57002D834A /* AuthService.swift */; };
		78F6FB832DE33F8D002D834A /* WelcomeView.swift in Sources */ = {isa = PBXBuildFile; fileRef = 78F6FB822DE33F8D002D834A /* WelcomeView.swift */; };
		78F6FB882DE33FC0002D834A /* FullWidthTextBox.swift in Sources */ = {isa = PBXBuildFile; fileRef = 78F6FB872DE33FC0002D834A /* FullWidthTextBox.swift */; };
		78F6FB9A2DE34BB2002D834A /* PostImageModel.swift in Sources */ = {isa = PBXBuildFile; fileRef = 78F6FB992DE34BB2002D834A /* PostImageModel.swift */; };
		78F6FBA32DE34E75002D834A /* CommentModel.swift in Sources */ = {isa = PBXBuildFile; fileRef = 78F6FBA22DE34E75002D834A /* CommentModel.swift */; };
		78F6FBA52DE34EFC002D834A /* PostModel.swift in Sources */ = {isa = PBXBuildFile; fileRef = 78F6FBA42DE34EFC002D834A /* PostModel.swift */; };
		78F6FBA82DE34F4C002D834A /* SentimentModel.swift in Sources */ = {isa = PBXBuildFile; fileRef = 78F6FBA72DE34F4C002D834A /* SentimentModel.swift */; };
		78F6FBAE2DE358CD002D834A /* UIImageExtension.swift in Sources */ = {isa = PBXBuildFile; fileRef = 78F6FBAD2DE358CD002D834A /* UIImageExtension.swift */; };
		78F6FBB02DE35B86002D834A /* PostService.swift in Sources */ = {isa = PBXBuildFile; fileRef = 78F6FBAF2DE35B86002D834A /* PostService.swift */; };
/* End PBXBuildFile section */

/* Begin PBXContainerItemProxy section */
		78F6FB172DE31EDB002D834A /* PBXContainerItemProxy */ = {
			isa = PBXContainerItemProxy;
			containerPortal = 78F6FAFB2DE31EDA002D834A /* Project object */;
			proxyType = 1;
			remoteGlobalIDString = 78F6FB022DE31EDA002D834A;
			remoteInfo = BinuApp;
		};
		78F6FB212DE31EDB002D834A /* PBXContainerItemProxy */ = {
			isa = PBXContainerItemProxy;
			containerPortal = 78F6FAFB2DE31EDA002D834A /* Project object */;
			proxyType = 1;
			remoteGlobalIDString = 78F6FB022DE31EDA002D834A;
			remoteInfo = BinuApp;
		};
/* End PBXContainerItemProxy section */

/* Begin PBXFileReference section */
		311B310C2E365E150016B44E /* LibraryModels.swift */ = {isa = PBXFileReference; lastKnownFileType = sourcecode.swift; path = LibraryModels.swift; sourceTree = "<group>"; };
		311B31102E367A4D0016B44E /* PostViewModel.swift */ = {isa = PBXFileReference; lastKnownFileType = sourcecode.swift; path = PostViewModel.swift; sourceTree = "<group>"; };
		311B31122E3685480016B44E /* EditProfileView.swift */ = {isa = PBXFileReference; lastKnownFileType = sourcecode.swift; path = EditProfileView.swift; sourceTree = "<group>"; };
		311B31152E369E560016B44E /* EmergencyView.swift */ = {isa = PBXFileReference; lastKnownFileType = sourcecode.swift; path = EmergencyView.swift; sourceTree = "<group>"; };
		318971452DFC334C005A4955 /* waves.gif */ = {isa = PBXFileReference; lastKnownFileType = image.gif; path = waves.gif; sourceTree = "<group>"; };
		31E787D42E338B0800D8AD3F /* GoogleService-Info.plist */ = {isa = PBXFileReference; fileEncoding = 4; lastKnownFileType = text.plist.xml; path = "GoogleService-Info.plist"; sourceTree = "<group>"; };
		31EF9E562DFF0000008FD5C7 /* CombinedCommentView.swift */ = {isa = PBXFileReference; lastKnownFileType = sourcecode.swift; path = CombinedCommentView.swift; sourceTree = "<group>"; };
		780B65342DEC102E00F58AF5 /* CommentService.swift */ = {isa = PBXFileReference; lastKnownFileType = sourcecode.swift; path = CommentService.swift; sourceTree = "<group>"; };
		780B65362DEC104C00F58AF5 /* SentimentService.swift */ = {isa = PBXFileReference; lastKnownFileType = sourcecode.swift; path = SentimentService.swift; sourceTree = "<group>"; };
		780B653E2DEC197600F58AF5 /* AuthViewModel.swift */ = {isa = PBXFileReference; lastKnownFileType = sourcecode.swift; path = AuthViewModel.swift; sourceTree = "<group>"; };
		780B65402DEC198600F58AF5 /* OnboardingViewModel.swift */ = {isa = PBXFileReference; lastKnownFileType = sourcecode.swift; path = OnboardingViewModel.swift; sourceTree = "<group>"; };
		780B65442DEC19A600F58AF5 /* ForumViewModel.swift */ = {isa = PBXFileReference; lastKnownFileType = sourcecode.swift; path = ForumViewModel.swift; sourceTree = "<group>"; };
		780B654B2DEC1A4B00F58AF5 /* LibraryViewModel.swift */ = {isa = PBXFileReference; lastKnownFileType = sourcecode.swift; path = LibraryViewModel.swift; sourceTree = "<group>"; };
		780B654F2DEC1A7E00F58AF5 /* LoginView.swift */ = {isa = PBXFileReference; lastKnownFileType = sourcecode.swift; path = LoginView.swift; sourceTree = "<group>"; };
		780B65512DEC1A8400F58AF5 /* SignUpView.swift */ = {isa = PBXFileReference; lastKnownFileType = sourcecode.swift; path = SignUpView.swift; sourceTree = "<group>"; };
		780B65572DEC1AC600F58AF5 /* MainTabView.swift */ = {isa = PBXFileReference; lastKnownFileType = sourcecode.swift; path = MainTabView.swift; sourceTree = "<group>"; };
		780B655A2DEC1AEB00F58AF5 /* ForumView.swift */ = {isa = PBXFileReference; lastKnownFileType = sourcecode.swift; path = ForumView.swift; sourceTree = "<group>"; };
		780B655C2DEC1AF700F58AF5 /* PostRowView.swift */ = {isa = PBXFileReference; lastKnownFileType = sourcecode.swift; path = PostRowView.swift; sourceTree = "<group>"; };
		780B655F2DEC1B1700F58AF5 /* LibraryView.swift */ = {isa = PBXFileReference; lastKnownFileType = sourcecode.swift; path = LibraryView.swift; sourceTree = "<group>"; };
		780B65652DEC1B6100F58AF5 /* AccountView.swift */ = {isa = PBXFileReference; lastKnownFileType = sourcecode.swift; path = AccountView.swift; sourceTree = "<group>"; };
		780B65672DEC1B7400F58AF5 /* LoadingSpinnerView.swift */ = {isa = PBXFileReference; lastKnownFileType = sourcecode.swift; path = LoadingSpinnerView.swift; sourceTree = "<group>"; };
		780B65692DEC1B7C00F58AF5 /* ErrorBannerView.swift */ = {isa = PBXFileReference; lastKnownFileType = sourcecode.swift; path = ErrorBannerView.swift; sourceTree = "<group>"; };
		780B656C2DEC1E1C00F58AF5 /* UserModel.swift */ = {isa = PBXFileReference; lastKnownFileType = sourcecode.swift; path = UserModel.swift; sourceTree = "<group>"; };
		780B65702DEC285400F58AF5 /* NotReadyView.swift */ = {isa = PBXFileReference; lastKnownFileType = sourcecode.swift; path = NotReadyView.swift; sourceTree = "<group>"; };
		780B65742DEC2C3800F58AF5 /* CreatePostView.swift */ = {isa = PBXFileReference; lastKnownFileType = sourcecode.swift; path = CreatePostView.swift; sourceTree = "<group>"; };
		780B65762DEC809C00F58AF5 /* EnterUsernameView.swift */ = {isa = PBXFileReference; lastKnownFileType = sourcecode.swift; path = EnterUsernameView.swift; sourceTree = "<group>"; };
		78309CB62E0C122A00EB17B6 /* AppUUID.swift */ = {isa = PBXFileReference; lastKnownFileType = sourcecode.swift; path = AppUUID.swift; sourceTree = "<group>"; };
		7833481D2DF68F6C00207E2C /* LogoView.swift */ = {isa = PBXFileReference; lastKnownFileType = sourcecode.swift; path = LogoView.swift; sourceTree = "<group>"; };
		783348232DF694F400207E2C /* GIFView.swift */ = {isa = PBXFileReference; lastKnownFileType = sourcecode.swift; path = GIFView.swift; sourceTree = "<group>"; };
		783348282DF6C20F00207E2C /* CommentViewModel.swift */ = {isa = PBXFileReference; lastKnownFileType = sourcecode.swift; path = CommentViewModel.swift; sourceTree = "<group>"; };
		7833482A2DF6C28700207E2C /* CommentRowView.swift */ = {isa = PBXFileReference; lastKnownFileType = sourcecode.swift; path = CommentRowView.swift; sourceTree = "<group>"; };
		7833482C2DF6C2C000207E2C /* CommentView.swift */ = {isa = PBXFileReference; lastKnownFileType = sourcecode.swift; path = CommentView.swift; sourceTree = "<group>"; };
		7833482E2DF6C2D400207E2C /* CreateCommentView.swift */ = {isa = PBXFileReference; lastKnownFileType = sourcecode.swift; path = CreateCommentView.swift; sourceTree = "<group>"; };
		783348302DF6C2DD00207E2C /* EditCommentView.swift */ = {isa = PBXFileReference; lastKnownFileType = sourcecode.swift; path = EditCommentView.swift; sourceTree = "<group>"; };
		78510CD02E114FB6004D18A6 /* PeripheralManaging.swift */ = {isa = PBXFileReference; lastKnownFileType = sourcecode.swift; path = PeripheralManaging.swift; sourceTree = "<group>"; };
		78510CD22E11514B004D18A6 /* BroadcastServiceTests.swift */ = {isa = PBXFileReference; lastKnownFileType = sourcecode.swift; path = BroadcastServiceTests.swift; sourceTree = "<group>"; };
		785BDEE92E0FE56D00E212BB /* BroadcastDataModel.swift */ = {isa = PBXFileReference; lastKnownFileType = sourcecode.swift; path = BroadcastDataModel.swift; sourceTree = "<group>"; };
		785BDEEB2E0FE59F00E212BB /* ItemPickerView.swift */ = {isa = PBXFileReference; lastKnownFileType = sourcecode.swift; path = ItemPickerView.swift; sourceTree = "<group>"; };
		785BDEFF2E10369800E212BB /* NotificationExtension.swift */ = {isa = PBXFileReference; lastKnownFileType = sourcecode.swift; path = NotificationExtension.swift; sourceTree = "<group>"; };
		785BDF012E1117AF00E212BB /* UUIDExtension.swift */ = {isa = PBXFileReference; lastKnownFileType = sourcecode.swift; path = UUIDExtension.swift; sourceTree = "<group>"; };
		78D1E17F2E0E586B00F77CB3 /* ItemModel.swift */ = {isa = PBXFileReference; lastKnownFileType = sourcecode.swift; path = ItemModel.swift; sourceTree = "<group>"; };
		78EBD2DB2E2F6E610094CE8C /* PeripheralManager.swift */ = {isa = PBXFileReference; lastKnownFileType = sourcecode.swift; path = PeripheralManager.swift; sourceTree = "<group>"; };
		78EBD2DE2E322B720094CE8C /* PeripheralView.swift */ = {isa = PBXFileReference; lastKnownFileType = sourcecode.swift; path = PeripheralView.swift; sourceTree = "<group>"; };
		78EBD2E02E322D830094CE8C /* CentralManager.swift */ = {isa = PBXFileReference; lastKnownFileType = sourcecode.swift; path = CentralManager.swift; sourceTree = "<group>"; };
		78EBD2E22E322DB50094CE8C /* CentralView.swift */ = {isa = PBXFileReference; lastKnownFileType = sourcecode.swift; path = CentralView.swift; sourceTree = "<group>"; };
		78EBD2E52E32307F0094CE8C /* DataExtension.swift */ = {isa = PBXFileReference; lastKnownFileType = sourcecode.swift; path = DataExtension.swift; sourceTree = "<group>"; };
		78EBD2E72E32309A0094CE8C /* StringExtension.swift */ = {isa = PBXFileReference; lastKnownFileType = sourcecode.swift; path = StringExtension.swift; sourceTree = "<group>"; };
		78EBD2E92E3231280094CE8C /* CBCharacteristicPropertiesExtension.swift */ = {isa = PBXFileReference; lastKnownFileType = sourcecode.swift; path = CBCharacteristicPropertiesExtension.swift; sourceTree = "<group>"; };
		78EBD2EB2E3233530094CE8C /* CBCharacteristicExtension.swift */ = {isa = PBXFileReference; lastKnownFileType = sourcecode.swift; path = CBCharacteristicExtension.swift; sourceTree = "<group>"; };
		78F6FB032DE31EDA002D834A /* BinuApp.app */ = {isa = PBXFileReference; explicitFileType = wrapper.application; includeInIndex = 0; path = BinuApp.app; sourceTree = BUILT_PRODUCTS_DIR; };
		78F6FB062DE31EDA002D834A /* AppEntry.swift */ = {isa = PBXFileReference; lastKnownFileType = sourcecode.swift; path = AppEntry.swift; sourceTree = "<group>"; };
		78F6FB082DE31EDA002D834A /* ContentView.swift */ = {isa = PBXFileReference; lastKnownFileType = sourcecode.swift; path = ContentView.swift; sourceTree = "<group>"; };
		78F6FB0C2DE31EDB002D834A /* Assets.xcassets */ = {isa = PBXFileReference; lastKnownFileType = folder.assetcatalog; path = Assets.xcassets; sourceTree = "<group>"; };
		78F6FB0E2DE31EDB002D834A /* BinuApp.entitlements */ = {isa = PBXFileReference; lastKnownFileType = text.plist.entitlements; path = BinuApp.entitlements; sourceTree = "<group>"; };
		78F6FB102DE31EDB002D834A /* Preview Assets.xcassets */ = {isa = PBXFileReference; lastKnownFileType = folder.assetcatalog; path = "Preview Assets.xcassets"; sourceTree = "<group>"; };
		78F6FB162DE31EDB002D834A /* BinuAppTests.xctest */ = {isa = PBXFileReference; explicitFileType = wrapper.cfbundle; includeInIndex = 0; path = BinuAppTests.xctest; sourceTree = BUILT_PRODUCTS_DIR; };
		78F6FB1A2DE31EDB002D834A /* BinuAppTests.swift */ = {isa = PBXFileReference; lastKnownFileType = sourcecode.swift; path = BinuAppTests.swift; sourceTree = "<group>"; };
		78F6FB202DE31EDB002D834A /* BinuAppUITests.xctest */ = {isa = PBXFileReference; explicitFileType = wrapper.cfbundle; includeInIndex = 0; path = BinuAppUITests.xctest; sourceTree = BUILT_PRODUCTS_DIR; };
		78F6FB242DE31EDB002D834A /* BinuAppUITests.swift */ = {isa = PBXFileReference; lastKnownFileType = sourcecode.swift; path = BinuAppUITests.swift; sourceTree = "<group>"; };
		78F6FB262DE31EDB002D834A /* BinuAppUITestsLaunchTests.swift */ = {isa = PBXFileReference; lastKnownFileType = sourcecode.swift; path = BinuAppUITestsLaunchTests.swift; sourceTree = "<group>"; };
		78F6FB7E2DE33F57002D834A /* AuthService.swift */ = {isa = PBXFileReference; lastKnownFileType = sourcecode.swift; path = AuthService.swift; sourceTree = "<group>"; };
		78F6FB822DE33F8D002D834A /* WelcomeView.swift */ = {isa = PBXFileReference; lastKnownFileType = sourcecode.swift; path = WelcomeView.swift; sourceTree = "<group>"; };
		78F6FB872DE33FC0002D834A /* FullWidthTextBox.swift */ = {isa = PBXFileReference; lastKnownFileType = sourcecode.swift; path = FullWidthTextBox.swift; sourceTree = "<group>"; };
		78F6FB8D2DE345B6002D834A /* .gitignore */ = {isa = PBXFileReference; lastKnownFileType = text; path = .gitignore; sourceTree = "<group>"; };
		78F6FB992DE34BB2002D834A /* PostImageModel.swift */ = {isa = PBXFileReference; lastKnownFileType = sourcecode.swift; path = PostImageModel.swift; sourceTree = "<group>"; };
		78F6FBA22DE34E75002D834A /* CommentModel.swift */ = {isa = PBXFileReference; lastKnownFileType = sourcecode.swift; path = CommentModel.swift; sourceTree = "<group>"; };
		78F6FBA42DE34EFC002D834A /* PostModel.swift */ = {isa = PBXFileReference; lastKnownFileType = sourcecode.swift; path = PostModel.swift; sourceTree = "<group>"; };
		78F6FBA72DE34F4C002D834A /* SentimentModel.swift */ = {isa = PBXFileReference; lastKnownFileType = sourcecode.swift; path = SentimentModel.swift; sourceTree = "<group>"; };
		78F6FBAD2DE358CD002D834A /* UIImageExtension.swift */ = {isa = PBXFileReference; lastKnownFileType = sourcecode.swift; path = UIImageExtension.swift; sourceTree = "<group>"; };
		78F6FBAF2DE35B86002D834A /* PostService.swift */ = {isa = PBXFileReference; lastKnownFileType = sourcecode.swift; path = PostService.swift; sourceTree = "<group>"; };
		78FE79C12DF7406A006AEF29 /* Info.plist */ = {isa = PBXFileReference; lastKnownFileType = text.plist; path = Info.plist; sourceTree = "<group>"; };
/* End PBXFileReference section */

/* Begin PBXFrameworksBuildPhase section */
		78F6FB002DE31EDA002D834A /* Frameworks */ = {
			isa = PBXFrameworksBuildPhase;
			buildActionMask = 2147483647;
			files = (
				315412A02DE37ADB00447409 /* FirebaseCore in Frameworks */,
				315412A42DE37ADB00447409 /* FirebaseStorage in Frameworks */,
				3154129E2DE37ADB00447409 /* FirebaseAuth in Frameworks */,
				315412A22DE37ADB00447409 /* FirebaseFirestore in Frameworks */,
			);
			runOnlyForDeploymentPostprocessing = 0;
		};
		78F6FB132DE31EDB002D834A /* Frameworks */ = {
			isa = PBXFrameworksBuildPhase;
			buildActionMask = 2147483647;
			files = (
				78A744042E1147C4002A25C7 /* FirebaseCore in Frameworks */,
				78A744082E11480C002A25C7 /* FirebaseFirestore in Frameworks */,
				78A744022E1147BE002A25C7 /* FirebaseAuth in Frameworks */,
				78A744062E114807002A25C7 /* FirebaseStorage in Frameworks */,
			);
			runOnlyForDeploymentPostprocessing = 0;
		};
		78F6FB1D2DE31EDB002D834A /* Frameworks */ = {
			isa = PBXFrameworksBuildPhase;
			buildActionMask = 2147483647;
			files = (
				78510CC82E114A98004D18A6 /* FirebaseCore in Frameworks */,
				78510CCA2E114A9F004D18A6 /* FirebaseStorage in Frameworks */,
				78510CCC2E114AA9004D18A6 /* FirebaseFirestore in Frameworks */,
				78510CCE2E114AAC004D18A6 /* FirebaseAuth in Frameworks */,
			);
			runOnlyForDeploymentPostprocessing = 0;
		};
/* End PBXFrameworksBuildPhase section */

/* Begin PBXGroup section */
		311B310B2E365DF50016B44E /* LIbrary */ = {
			isa = PBXGroup;
			children = (
				311B310C2E365E150016B44E /* LibraryModels.swift */,
			);
			path = LIbrary;
			sourceTree = "<group>";
		};
		311B31142E369E3A0016B44E /* Emergency */ = {
			isa = PBXGroup;
			children = (
				311B31152E369E560016B44E /* EmergencyView.swift */,
			);
			path = Emergency;
			sourceTree = "<group>";
		};
		780B65382DEC18A800F58AF5 /* Services */ = {
			isa = PBXGroup;
			children = (
				78EBD2DA2E2F6CA70094CE8C /* Assist */,
				780B653C2DEC190E00F58AF5 /* Forum */,
				780B653B2DEC18D100F58AF5 /* Auth */,
			);
			path = Services;
			sourceTree = "<group>";
		};
		780B653A2DEC18B700F58AF5 /* ViewModels */ = {
			isa = PBXGroup;
			children = (
				780B65492DEC1A0600F58AF5 /* HeraHub */,
				780B65432DEC199700F58AF5 /* Forum */,
				780B653D2DEC196600F58AF5 /* Auth */,
			);
			path = ViewModels;
			sourceTree = "<group>";
		};
		780B653B2DEC18D100F58AF5 /* Auth */ = {
			isa = PBXGroup;
			children = (
				78F6FB7E2DE33F57002D834A /* AuthService.swift */,
			);
			path = Auth;
			sourceTree = "<group>";
		};
		780B653C2DEC190E00F58AF5 /* Forum */ = {
			isa = PBXGroup;
			children = (
				78F6FBAF2DE35B86002D834A /* PostService.swift */,
				780B65342DEC102E00F58AF5 /* CommentService.swift */,
				780B65362DEC104C00F58AF5 /* SentimentService.swift */,
			);
			path = Forum;
			sourceTree = "<group>";
		};
		780B653D2DEC196600F58AF5 /* Auth */ = {
			isa = PBXGroup;
			children = (
				780B653E2DEC197600F58AF5 /* AuthViewModel.swift */,
				780B65402DEC198600F58AF5 /* OnboardingViewModel.swift */,
			);
			path = Auth;
			sourceTree = "<group>";
		};
		780B65432DEC199700F58AF5 /* Forum */ = {
			isa = PBXGroup;
			children = (
				780B65442DEC19A600F58AF5 /* ForumViewModel.swift */,
				783348282DF6C20F00207E2C /* CommentViewModel.swift */,
				311B31102E367A4D0016B44E /* PostViewModel.swift */,
			);
			path = Forum;
			sourceTree = "<group>";
		};
		780B65492DEC1A0600F58AF5 /* HeraHub */ = {
			isa = PBXGroup;
			children = (
				780B654B2DEC1A4B00F58AF5 /* LibraryViewModel.swift */,
			);
			path = HeraHub;
			sourceTree = "<group>";
		};
		780B65532DEC1A9800F58AF5 /* Onboarding */ = {
			isa = PBXGroup;
			children = (
				780B65762DEC809C00F58AF5 /* EnterUsernameView.swift */,
			);
			path = Onboarding;
			sourceTree = "<group>";
		};
		780B65562DEC1AB400F58AF5 /* MainTab */ = {
			isa = PBXGroup;
			children = (
				780B65572DEC1AC600F58AF5 /* MainTabView.swift */,
			);
			path = MainTab;
			sourceTree = "<group>";
		};
		780B65592DEC1ADD00F58AF5 /* Forum */ = {
			isa = PBXGroup;
			children = (
				780B655A2DEC1AEB00F58AF5 /* ForumView.swift */,
				780B655C2DEC1AF700F58AF5 /* PostRowView.swift */,
				31EF9E562DFF0000008FD5C7 /* CombinedCommentView.swift */,
				780B65742DEC2C3800F58AF5 /* CreatePostView.swift */,
				7833482A2DF6C28700207E2C /* CommentRowView.swift */,
				7833482C2DF6C2C000207E2C /* CommentView.swift */,
				7833482E2DF6C2D400207E2C /* CreateCommentView.swift */,
				783348302DF6C2DD00207E2C /* EditCommentView.swift */,
			);
			path = Forum;
			sourceTree = "<group>";
		};
		780B655E2DEC1B0100F58AF5 /* HeraHub */ = {
			isa = PBXGroup;
			children = (
				780B655F2DEC1B1700F58AF5 /* LibraryView.swift */,
			);
			path = HeraHub;
			sourceTree = "<group>";
		};
		780B65642DEC1B5700F58AF5 /* Profile */ = {
			isa = PBXGroup;
			children = (
				780B65652DEC1B6100F58AF5 /* AccountView.swift */,
				311B31122E3685480016B44E /* EditProfileView.swift */,
			);
			path = Profile;
			sourceTree = "<group>";
		};
		78309CBC2E0C2FFC00EB17B6 /* iBeacon */ = {
			isa = PBXGroup;
			children = (
				785BDEE92E0FE56D00E212BB /* BroadcastDataModel.swift */,
				78D1E17F2E0E586B00F77CB3 /* ItemModel.swift */,
			);
			path = iBeacon;
			sourceTree = "<group>";
		};
		7833481C2DF68F4E00207E2C /* Logos */ = {
			isa = PBXGroup;
			children = (
				7833481D2DF68F6C00207E2C /* LogoView.swift */,
			);
			path = Logos;
			sourceTree = "<group>";
		};
		7833481F2DF6927200207E2C /* Resources */ = {
			isa = PBXGroup;
			children = (
				318971452DFC334C005A4955 /* waves.gif */,
			);
			path = Resources;
			sourceTree = "<group>";
		};
		783348222DF694EA00207E2C /* GIFs */ = {
			isa = PBXGroup;
			children = (
				783348232DF694F400207E2C /* GIFView.swift */,
			);
			path = GIFs;
			sourceTree = "<group>";
		};
		78510CCF2E114FAB004D18A6 /* Tests */ = {
			isa = PBXGroup;
			children = (
				78510CD02E114FB6004D18A6 /* PeripheralManaging.swift */,
			);
			path = Tests;
			sourceTree = "<group>";
		};
		78A743FE2E1147B4002A25C7 /* Frameworks */ = {
			isa = PBXGroup;
			children = (
			);
			name = Frameworks;
			sourceTree = "<group>";
		};
		78EBD2DA2E2F6CA70094CE8C /* Assist */ = {
			isa = PBXGroup;
			children = (
				78EBD2E02E322D830094CE8C /* CentralManager.swift */,
				78EBD2DB2E2F6E610094CE8C /* PeripheralManager.swift */,
			);
			path = Assist;
			sourceTree = "<group>";
		};
		78EBD2DD2E322B6D0094CE8C /* Assist */ = {
			isa = PBXGroup;
			children = (
				78EBD2E22E322DB50094CE8C /* CentralView.swift */,
				78EBD2DE2E322B720094CE8C /* PeripheralView.swift */,
			);
			path = Assist;
			sourceTree = "<group>";
		};
		78EBD2E42E3230780094CE8C /* Assist */ = {
			isa = PBXGroup;
			children = (
				78EBD2EB2E3233530094CE8C /* CBCharacteristicExtension.swift */,
				78EBD2E92E3231280094CE8C /* CBCharacteristicPropertiesExtension.swift */,
				78EBD2E72E32309A0094CE8C /* StringExtension.swift */,
				78EBD2E52E32307F0094CE8C /* DataExtension.swift */,
			);
			path = Assist;
			sourceTree = "<group>";
		};
		78F6FAFA2DE31EDA002D834A = {
			isa = PBXGroup;
			children = (
				78F6FB8D2DE345B6002D834A /* .gitignore */,
				78F6FB052DE31EDA002D834A /* BinuApp */,
				78F6FB192DE31EDB002D834A /* BinuAppTests */,
				78F6FB232DE31EDB002D834A /* BinuAppUITests */,
				78A743FE2E1147B4002A25C7 /* Frameworks */,
				78F6FB042DE31EDA002D834A /* Products */,
			);
			sourceTree = "<group>";
		};
		78F6FB042DE31EDA002D834A /* Products */ = {
			isa = PBXGroup;
			children = (
				78F6FB032DE31EDA002D834A /* BinuApp.app */,
				78F6FB162DE31EDB002D834A /* BinuAppTests.xctest */,
				78F6FB202DE31EDB002D834A /* BinuAppUITests.xctest */,
			);
			name = Products;
			sourceTree = "<group>";
		};
		78F6FB052DE31EDA002D834A /* BinuApp */ = {
			isa = PBXGroup;
			children = (
				78510CCF2E114FAB004D18A6 /* Tests */,
				78FE79C12DF7406A006AEF29 /* Info.plist */,
				31E787D42E338B0800D8AD3F /* GoogleService-Info.plist */,
				7833481F2DF6927200207E2C /* Resources */,
				780B653A2DEC18B700F58AF5 /* ViewModels */,
				780B65382DEC18A800F58AF5 /* Services */,
				78F6FBAC2DE358BE002D834A /* Extensions */,
				78F6FB7D2DE33F38002D834A /* Views */,
				78F6FB7C2DE33F2F002D834A /* Models */,
				78F6FB062DE31EDA002D834A /* AppEntry.swift */,
				78F6FB082DE31EDA002D834A /* ContentView.swift */,
				78F6FB0C2DE31EDB002D834A /* Assets.xcassets */,
				78F6FB0E2DE31EDB002D834A /* BinuApp.entitlements */,
				78F6FB0F2DE31EDB002D834A /* Preview Content */,
			);
			path = BinuApp;
			sourceTree = "<group>";
		};
		78F6FB0F2DE31EDB002D834A /* Preview Content */ = {
			isa = PBXGroup;
			children = (
				78F6FB102DE31EDB002D834A /* Preview Assets.xcassets */,
			);
			path = "Preview Content";
			sourceTree = "<group>";
		};
		78F6FB192DE31EDB002D834A /* BinuAppTests */ = {
			isa = PBXGroup;
			children = (
				78510CD22E11514B004D18A6 /* BroadcastServiceTests.swift */,
				78F6FB1A2DE31EDB002D834A /* BinuAppTests.swift */,
			);
			path = BinuAppTests;
			sourceTree = "<group>";
		};
		78F6FB232DE31EDB002D834A /* BinuAppUITests */ = {
			isa = PBXGroup;
			children = (
				78F6FB242DE31EDB002D834A /* BinuAppUITests.swift */,
				78F6FB262DE31EDB002D834A /* BinuAppUITestsLaunchTests.swift */,
			);
			path = BinuAppUITests;
			sourceTree = "<group>";
		};
		78F6FB7C2DE33F2F002D834A /* Models */ = {
			isa = PBXGroup;
			children = (
				311B310B2E365DF50016B44E /* LIbrary */,
				78309CBC2E0C2FFC00EB17B6 /* iBeacon */,
				78F6FB932DE34B5A002D834A /* Forum */,
				780B656C2DEC1E1C00F58AF5 /* UserModel.swift */,
				78309CB62E0C122A00EB17B6 /* AppUUID.swift */,
			);
			path = Models;
			sourceTree = "<group>";
		};
		78F6FB7D2DE33F38002D834A /* Views */ = {
			isa = PBXGroup;
			children = (
				311B31142E369E3A0016B44E /* Emergency */,
				78EBD2DD2E322B6D0094CE8C /* Assist */,
				780B65642DEC1B5700F58AF5 /* Profile */,
				780B655E2DEC1B0100F58AF5 /* HeraHub */,
				780B65592DEC1ADD00F58AF5 /* Forum */,
				780B65562DEC1AB400F58AF5 /* MainTab */,
				78F6FB852DE33F9F002D834A /* Shared */,
				78F6FB802DE33F6A002D834A /* Auth */,
			);
			path = Views;
			sourceTree = "<group>";
		};
		78F6FB802DE33F6A002D834A /* Auth */ = {
			isa = PBXGroup;
			children = (
				780B65532DEC1A9800F58AF5 /* Onboarding */,
				78F6FB822DE33F8D002D834A /* WelcomeView.swift */,
				780B654F2DEC1A7E00F58AF5 /* LoginView.swift */,
				780B65512DEC1A8400F58AF5 /* SignUpView.swift */,
			);
			path = Auth;
			sourceTree = "<group>";
		};
		78F6FB852DE33F9F002D834A /* Shared */ = {
			isa = PBXGroup;
			children = (
				783348222DF694EA00207E2C /* GIFs */,
				7833481C2DF68F4E00207E2C /* Logos */,
				78F6FB862DE33FAB002D834A /* Text Boxes */,
				780B65672DEC1B7400F58AF5 /* LoadingSpinnerView.swift */,
				785BDEEB2E0FE59F00E212BB /* ItemPickerView.swift */,
				780B65692DEC1B7C00F58AF5 /* ErrorBannerView.swift */,
				780B65702DEC285400F58AF5 /* NotReadyView.swift */,
			);
			path = Shared;
			sourceTree = "<group>";
		};
		78F6FB862DE33FAB002D834A /* Text Boxes */ = {
			isa = PBXGroup;
			children = (
				78F6FB872DE33FC0002D834A /* FullWidthTextBox.swift */,
			);
			path = "Text Boxes";
			sourceTree = "<group>";
		};
		78F6FB932DE34B5A002D834A /* Forum */ = {
			isa = PBXGroup;
			children = (
				78F6FBA42DE34EFC002D834A /* PostModel.swift */,
				78F6FB992DE34BB2002D834A /* PostImageModel.swift */,
				78F6FBA22DE34E75002D834A /* CommentModel.swift */,
				78F6FBA72DE34F4C002D834A /* SentimentModel.swift */,
			);
			path = Forum;
			sourceTree = "<group>";
		};
		78F6FBAC2DE358BE002D834A /* Extensions */ = {
			isa = PBXGroup;
			children = (
				78EBD2E42E3230780094CE8C /* Assist */,
				785BDF012E1117AF00E212BB /* UUIDExtension.swift */,
				785BDEFF2E10369800E212BB /* NotificationExtension.swift */,
				78F6FBAD2DE358CD002D834A /* UIImageExtension.swift */,
			);
			path = Extensions;
			sourceTree = "<group>";
		};
/* End PBXGroup section */

/* Begin PBXNativeTarget section */
		78F6FB022DE31EDA002D834A /* BinuApp */ = {
			isa = PBXNativeTarget;
			buildConfigurationList = 78F6FB2A2DE31EDB002D834A /* Build configuration list for PBXNativeTarget "BinuApp" */;
			buildPhases = (
				78F6FAFF2DE31EDA002D834A /* Sources */,
				78F6FB002DE31EDA002D834A /* Frameworks */,
				78F6FB012DE31EDA002D834A /* Resources */,
			);
			buildRules = (
			);
			dependencies = (
			);
			name = BinuApp;
			packageProductDependencies = (
				3154129D2DE37ADB00447409 /* FirebaseAuth */,
				3154129F2DE37ADB00447409 /* FirebaseCore */,
				315412A12DE37ADB00447409 /* FirebaseFirestore */,
				315412A32DE37ADB00447409 /* FirebaseStorage */,
			);
			productName = BinuApp;
			productReference = 78F6FB032DE31EDA002D834A /* BinuApp.app */;
			productType = "com.apple.product-type.application";
		};
		78F6FB152DE31EDB002D834A /* BinuAppTests */ = {
			isa = PBXNativeTarget;
			buildConfigurationList = 78F6FB2D2DE31EDB002D834A /* Build configuration list for PBXNativeTarget "BinuAppTests" */;
			buildPhases = (
				78F6FB122DE31EDB002D834A /* Sources */,
				78F6FB132DE31EDB002D834A /* Frameworks */,
				78F6FB142DE31EDB002D834A /* Resources */,
			);
			buildRules = (
			);
			dependencies = (
				78F6FB182DE31EDB002D834A /* PBXTargetDependency */,
			);
			name = BinuAppTests;
			productName = BinuAppTests;
			productReference = 78F6FB162DE31EDB002D834A /* BinuAppTests.xctest */;
			productType = "com.apple.product-type.bundle.unit-test";
		};
		78F6FB1F2DE31EDB002D834A /* BinuAppUITests */ = {
			isa = PBXNativeTarget;
			buildConfigurationList = 78F6FB302DE31EDB002D834A /* Build configuration list for PBXNativeTarget "BinuAppUITests" */;
			buildPhases = (
				78F6FB1C2DE31EDB002D834A /* Sources */,
				78F6FB1D2DE31EDB002D834A /* Frameworks */,
				78F6FB1E2DE31EDB002D834A /* Resources */,
			);
			buildRules = (
			);
			dependencies = (
				78F6FB222DE31EDB002D834A /* PBXTargetDependency */,
			);
			name = BinuAppUITests;
			productName = BinuAppUITests;
			productReference = 78F6FB202DE31EDB002D834A /* BinuAppUITests.xctest */;
			productType = "com.apple.product-type.bundle.ui-testing";
		};
/* End PBXNativeTarget section */

/* Begin PBXProject section */
		78F6FAFB2DE31EDA002D834A /* Project object */ = {
			isa = PBXProject;
			attributes = {
				BuildIndependentTargetsInParallel = 1;
				LastSwiftUpdateCheck = 1540;
				LastUpgradeCheck = 1540;
				TargetAttributes = {
					78F6FB022DE31EDA002D834A = {
						CreatedOnToolsVersion = 15.4;
					};
					78F6FB152DE31EDB002D834A = {
						CreatedOnToolsVersion = 15.4;
						TestTargetID = 78F6FB022DE31EDA002D834A;
					};
					78F6FB1F2DE31EDB002D834A = {
						CreatedOnToolsVersion = 15.4;
						TestTargetID = 78F6FB022DE31EDA002D834A;
					};
				};
			};
			buildConfigurationList = 78F6FAFE2DE31EDA002D834A /* Build configuration list for PBXProject "BinuApp" */;
			compatibilityVersion = "Xcode 14.0";
			developmentRegion = en;
			hasScannedForEncodings = 0;
			knownRegions = (
				en,
				Base,
			);
			mainGroup = 78F6FAFA2DE31EDA002D834A;
			packageReferences = (
				3154129C2DE37ADB00447409 /* XCRemoteSwiftPackageReference "firebase-ios-sdk" */,
			);
			productRefGroup = 78F6FB042DE31EDA002D834A /* Products */;
			projectDirPath = "";
			projectRoot = "";
			targets = (
				78F6FB022DE31EDA002D834A /* BinuApp */,
				78F6FB152DE31EDB002D834A /* BinuAppTests */,
				78F6FB1F2DE31EDB002D834A /* BinuAppUITests */,
			);
		};
/* End PBXProject section */

/* Begin PBXResourcesBuildPhase section */
		78F6FB012DE31EDA002D834A /* Resources */ = {
			isa = PBXResourcesBuildPhase;
			buildActionMask = 2147483647;
			files = (
				78F6FB112DE31EDB002D834A /* Preview Assets.xcassets in Resources */,
				31E787D52E338B0800D8AD3F /* GoogleService-Info.plist in Resources */,
				318971462DFC334C005A4955 /* waves.gif in Resources */,
				78F6FB0D2DE31EDB002D834A /* Assets.xcassets in Resources */,
			);
			runOnlyForDeploymentPostprocessing = 0;
		};
		78F6FB142DE31EDB002D834A /* Resources */ = {
			isa = PBXResourcesBuildPhase;
			buildActionMask = 2147483647;
			files = (
			);
			runOnlyForDeploymentPostprocessing = 0;
		};
		78F6FB1E2DE31EDB002D834A /* Resources */ = {
			isa = PBXResourcesBuildPhase;
			buildActionMask = 2147483647;
			files = (
			);
			runOnlyForDeploymentPostprocessing = 0;
		};
/* End PBXResourcesBuildPhase section */

/* Begin PBXSourcesBuildPhase section */
		78F6FAFF2DE31EDA002D834A /* Sources */ = {
			isa = PBXSourcesBuildPhase;
			buildActionMask = 2147483647;
			files = (
				780B65452DEC19A600F58AF5 /* ForumViewModel.swift in Sources */,
				78EBD2E12E322D830094CE8C /* CentralManager.swift in Sources */,
				78EBD2E32E322DB50094CE8C /* CentralView.swift in Sources */,
				78F6FB092DE31EDA002D834A /* ContentView.swift in Sources */,
				78F6FBA52DE34EFC002D834A /* PostModel.swift in Sources */,
				785BDF002E1036A000E212BB /* NotificationExtension.swift in Sources */,
				78F6FBA32DE34E75002D834A /* CommentModel.swift in Sources */,
				78EBD2DC2E2F6E680094CE8C /* PeripheralManager.swift in Sources */,
				785BDEEC2E0FE59F00E212BB /* ItemPickerView.swift in Sources */,
				7833482F2DF6C2D400207E2C /* CreateCommentView.swift in Sources */,
				78EBD2E62E3230840094CE8C /* DataExtension.swift in Sources */,
				7833482D2DF6C2C000207E2C /* CommentView.swift in Sources */,
				780B65522DEC1A8400F58AF5 /* SignUpView.swift in Sources */,
				31EF9E572DFF0000008FD5C7 /* CombinedCommentView.swift in Sources */,
				783348312DF6C2DD00207E2C /* EditCommentView.swift in Sources */,
				780B65502DEC1A7E00F58AF5 /* LoginView.swift in Sources */,
				78F6FB072DE31EDA002D834A /* AppEntry.swift in Sources */,
				780B65602DEC1B1700F58AF5 /* LibraryView.swift in Sources */,
				780B65712DEC285400F58AF5 /* NotReadyView.swift in Sources */,
				7833482B2DF6C28700207E2C /* CommentRowView.swift in Sources */,
				780B656D2DEC1E1C00F58AF5 /* UserModel.swift in Sources */,
				78EBD2DF2E322B720094CE8C /* PeripheralView.swift in Sources */,
				780B65582DEC1AC600F58AF5 /* MainTabView.swift in Sources */,
				311B31162E369E560016B44E /* EmergencyView.swift in Sources */,
				785BDF022E1117B300E212BB /* UUIDExtension.swift in Sources */,
				78EBD2E82E32309C0094CE8C /* StringExtension.swift in Sources */,
				78F6FB7F2DE33F57002D834A /* AuthService.swift in Sources */,
				780B655D2DEC1AF700F58AF5 /* PostRowView.swift in Sources */,
				783348242DF694F400207E2C /* GIFView.swift in Sources */,
				780B65682DEC1B7400F58AF5 /* LoadingSpinnerView.swift in Sources */,
				78EBD2EC2E32335A0094CE8C /* CBCharacteristicExtension.swift in Sources */,
				780B65752DEC2C3800F58AF5 /* CreatePostView.swift in Sources */,
				78F6FB882DE33FC0002D834A /* FullWidthTextBox.swift in Sources */,
				780B653F2DEC197600F58AF5 /* AuthViewModel.swift in Sources */,
				311B310D2E365E150016B44E /* LibraryModels.swift in Sources */,
				780B654C2DEC1A4B00F58AF5 /* LibraryViewModel.swift in Sources */,
				78F6FBA82DE34F4C002D834A /* SentimentModel.swift in Sources */,
				780B65372DEC104C00F58AF5 /* SentimentService.swift in Sources */,
				78F6FB832DE33F8D002D834A /* WelcomeView.swift in Sources */,
				780B65772DEC809C00F58AF5 /* EnterUsernameView.swift in Sources */,
				78F6FBB02DE35B86002D834A /* PostService.swift in Sources */,
				311B31112E367A4D0016B44E /* PostViewModel.swift in Sources */,
				78EBD2EA2E32312F0094CE8C /* CBCharacteristicPropertiesExtension.swift in Sources */,
				311B31132E3685480016B44E /* EditProfileView.swift in Sources */,
				780B65412DEC198600F58AF5 /* OnboardingViewModel.swift in Sources */,
				780B655B2DEC1AEB00F58AF5 /* ForumView.swift in Sources */,
				780B656A2DEC1B7C00F58AF5 /* ErrorBannerView.swift in Sources */,
				78510CD12E114FBB004D18A6 /* PeripheralManaging.swift in Sources */,
				7833481E2DF68F6C00207E2C /* LogoView.swift in Sources */,
				78309CB72E0C122A00EB17B6 /* AppUUID.swift in Sources */,
				78F6FB9A2DE34BB2002D834A /* PostImageModel.swift in Sources */,
				78D1E1802E0E586B00F77CB3 /* ItemModel.swift in Sources */,
				780B65352DEC102E00F58AF5 /* CommentService.swift in Sources */,
				780B65662DEC1B6100F58AF5 /* AccountView.swift in Sources */,
				783348292DF6C20F00207E2C /* CommentViewModel.swift in Sources */,
				78F6FBAE2DE358CD002D834A /* UIImageExtension.swift in Sources */,
				785BDEEA2E0FE57300E212BB /* BroadcastDataModel.swift in Sources */,
			);
			runOnlyForDeploymentPostprocessing = 0;
		};
		78F6FB122DE31EDB002D834A /* Sources */ = {
			isa = PBXSourcesBuildPhase;
			buildActionMask = 2147483647;
			files = (
				78F6FB1B2DE31EDB002D834A /* BinuAppTests.swift in Sources */,
				78510CD32E115151004D18A6 /* BroadcastServiceTests.swift in Sources */,
			);
			runOnlyForDeploymentPostprocessing = 0;
		};
		78F6FB1C2DE31EDB002D834A /* Sources */ = {
			isa = PBXSourcesBuildPhase;
			buildActionMask = 2147483647;
			files = (
				78F6FB272DE31EDB002D834A /* BinuAppUITestsLaunchTests.swift in Sources */,
				78F6FB252DE31EDB002D834A /* BinuAppUITests.swift in Sources */,
			);
			runOnlyForDeploymentPostprocessing = 0;
		};
/* End PBXSourcesBuildPhase section */

/* Begin PBXTargetDependency section */
		78F6FB182DE31EDB002D834A /* PBXTargetDependency */ = {
			isa = PBXTargetDependency;
			target = 78F6FB022DE31EDA002D834A /* BinuApp */;
			targetProxy = 78F6FB172DE31EDB002D834A /* PBXContainerItemProxy */;
		};
		78F6FB222DE31EDB002D834A /* PBXTargetDependency */ = {
			isa = PBXTargetDependency;
			target = 78F6FB022DE31EDA002D834A /* BinuApp */;
			targetProxy = 78F6FB212DE31EDB002D834A /* PBXContainerItemProxy */;
		};
/* End PBXTargetDependency section */

/* Begin XCBuildConfiguration section */
		78F6FB282DE31EDB002D834A /* Debug */ = {
			isa = XCBuildConfiguration;
			buildSettings = {
				ALWAYS_SEARCH_USER_PATHS = NO;
				ASSETCATALOG_COMPILER_GENERATE_SWIFT_ASSET_SYMBOL_EXTENSIONS = YES;
				CLANG_ANALYZER_NONNULL = YES;
				CLANG_ANALYZER_NUMBER_OBJECT_CONVERSION = YES_AGGRESSIVE;
				CLANG_CXX_LANGUAGE_STANDARD = "gnu++20";
				CLANG_ENABLE_MODULES = YES;
				CLANG_ENABLE_OBJC_ARC = YES;
				CLANG_ENABLE_OBJC_WEAK = YES;
				CLANG_WARN_BLOCK_CAPTURE_AUTORELEASING = YES;
				CLANG_WARN_BOOL_CONVERSION = YES;
				CLANG_WARN_COMMA = YES;
				CLANG_WARN_CONSTANT_CONVERSION = YES;
				CLANG_WARN_DEPRECATED_OBJC_IMPLEMENTATIONS = YES;
				CLANG_WARN_DIRECT_OBJC_ISA_USAGE = YES_ERROR;
				CLANG_WARN_DOCUMENTATION_COMMENTS = YES;
				CLANG_WARN_EMPTY_BODY = YES;
				CLANG_WARN_ENUM_CONVERSION = YES;
				CLANG_WARN_INFINITE_RECURSION = YES;
				CLANG_WARN_INT_CONVERSION = YES;
				CLANG_WARN_NON_LITERAL_NULL_CONVERSION = YES;
				CLANG_WARN_OBJC_IMPLICIT_RETAIN_SELF = YES;
				CLANG_WARN_OBJC_LITERAL_CONVERSION = YES;
				CLANG_WARN_OBJC_ROOT_CLASS = YES_ERROR;
				CLANG_WARN_QUOTED_INCLUDE_IN_FRAMEWORK_HEADER = YES;
				CLANG_WARN_RANGE_LOOP_ANALYSIS = YES;
				CLANG_WARN_STRICT_PROTOTYPES = YES;
				CLANG_WARN_SUSPICIOUS_MOVE = YES;
				CLANG_WARN_UNGUARDED_AVAILABILITY = YES_AGGRESSIVE;
				CLANG_WARN_UNREACHABLE_CODE = YES;
				CLANG_WARN__DUPLICATE_METHOD_MATCH = YES;
				COPY_PHASE_STRIP = NO;
				DEBUG_INFORMATION_FORMAT = dwarf;
				ENABLE_STRICT_OBJC_MSGSEND = YES;
				ENABLE_TESTABILITY = YES;
				ENABLE_USER_SCRIPT_SANDBOXING = YES;
				GCC_C_LANGUAGE_STANDARD = gnu17;
				GCC_DYNAMIC_NO_PIC = NO;
				GCC_NO_COMMON_BLOCKS = YES;
				GCC_OPTIMIZATION_LEVEL = 0;
				GCC_PREPROCESSOR_DEFINITIONS = (
					"DEBUG=1",
					"$(inherited)",
				);
				GCC_WARN_64_TO_32_BIT_CONVERSION = YES;
				GCC_WARN_ABOUT_RETURN_TYPE = YES_ERROR;
				GCC_WARN_UNDECLARED_SELECTOR = YES;
				GCC_WARN_UNINITIALIZED_AUTOS = YES_AGGRESSIVE;
				GCC_WARN_UNUSED_FUNCTION = YES;
				GCC_WARN_UNUSED_VARIABLE = YES;
				LOCALIZATION_PREFERS_STRING_CATALOGS = YES;
				MTL_ENABLE_DEBUG_INFO = INCLUDE_SOURCE;
				MTL_FAST_MATH = YES;
				ONLY_ACTIVE_ARCH = YES;
				SUPPORTED_PLATFORMS = "iphonesimulator iphoneos";
				SWIFT_ACTIVE_COMPILATION_CONDITIONS = "DEBUG $(inherited)";
				SWIFT_OPTIMIZATION_LEVEL = "-Onone";
			};
			name = Debug;
		};
		78F6FB292DE31EDB002D834A /* Release */ = {
			isa = XCBuildConfiguration;
			buildSettings = {
				ALWAYS_SEARCH_USER_PATHS = NO;
				ASSETCATALOG_COMPILER_GENERATE_SWIFT_ASSET_SYMBOL_EXTENSIONS = YES;
				CLANG_ANALYZER_NONNULL = YES;
				CLANG_ANALYZER_NUMBER_OBJECT_CONVERSION = YES_AGGRESSIVE;
				CLANG_CXX_LANGUAGE_STANDARD = "gnu++20";
				CLANG_ENABLE_MODULES = YES;
				CLANG_ENABLE_OBJC_ARC = YES;
				CLANG_ENABLE_OBJC_WEAK = YES;
				CLANG_WARN_BLOCK_CAPTURE_AUTORELEASING = YES;
				CLANG_WARN_BOOL_CONVERSION = YES;
				CLANG_WARN_COMMA = YES;
				CLANG_WARN_CONSTANT_CONVERSION = YES;
				CLANG_WARN_DEPRECATED_OBJC_IMPLEMENTATIONS = YES;
				CLANG_WARN_DIRECT_OBJC_ISA_USAGE = YES_ERROR;
				CLANG_WARN_DOCUMENTATION_COMMENTS = YES;
				CLANG_WARN_EMPTY_BODY = YES;
				CLANG_WARN_ENUM_CONVERSION = YES;
				CLANG_WARN_INFINITE_RECURSION = YES;
				CLANG_WARN_INT_CONVERSION = YES;
				CLANG_WARN_NON_LITERAL_NULL_CONVERSION = YES;
				CLANG_WARN_OBJC_IMPLICIT_RETAIN_SELF = YES;
				CLANG_WARN_OBJC_LITERAL_CONVERSION = YES;
				CLANG_WARN_OBJC_ROOT_CLASS = YES_ERROR;
				CLANG_WARN_QUOTED_INCLUDE_IN_FRAMEWORK_HEADER = YES;
				CLANG_WARN_RANGE_LOOP_ANALYSIS = YES;
				CLANG_WARN_STRICT_PROTOTYPES = YES;
				CLANG_WARN_SUSPICIOUS_MOVE = YES;
				CLANG_WARN_UNGUARDED_AVAILABILITY = YES_AGGRESSIVE;
				CLANG_WARN_UNREACHABLE_CODE = YES;
				CLANG_WARN__DUPLICATE_METHOD_MATCH = YES;
				COPY_PHASE_STRIP = NO;
				DEBUG_INFORMATION_FORMAT = "dwarf-with-dsym";
				ENABLE_NS_ASSERTIONS = NO;
				ENABLE_STRICT_OBJC_MSGSEND = YES;
				ENABLE_USER_SCRIPT_SANDBOXING = YES;
				GCC_C_LANGUAGE_STANDARD = gnu17;
				GCC_NO_COMMON_BLOCKS = YES;
				GCC_WARN_64_TO_32_BIT_CONVERSION = YES;
				GCC_WARN_ABOUT_RETURN_TYPE = YES_ERROR;
				GCC_WARN_UNDECLARED_SELECTOR = YES;
				GCC_WARN_UNINITIALIZED_AUTOS = YES_AGGRESSIVE;
				GCC_WARN_UNUSED_FUNCTION = YES;
				GCC_WARN_UNUSED_VARIABLE = YES;
				LOCALIZATION_PREFERS_STRING_CATALOGS = YES;
				MTL_ENABLE_DEBUG_INFO = NO;
				MTL_FAST_MATH = YES;
				SUPPORTED_PLATFORMS = "iphonesimulator iphoneos";
				SWIFT_COMPILATION_MODE = wholemodule;
			};
			name = Release;
		};
		78F6FB2B2DE31EDB002D834A /* Debug */ = {
			isa = XCBuildConfiguration;
			buildSettings = {
				ASSETCATALOG_COMPILER_APPICON_NAME = AppIcon;
				ASSETCATALOG_COMPILER_GLOBAL_ACCENT_COLOR_NAME = AccentColor;
				CODE_SIGN_ENTITLEMENTS = BinuApp/BinuApp.entitlements;
				CODE_SIGN_IDENTITY = "Apple Development";
				CODE_SIGN_STYLE = Automatic;
				CURRENT_PROJECT_VERSION = 1;
				DEVELOPMENT_ASSET_PATHS = "\"BinuApp/Preview Content\"";
				DEVELOPMENT_TEAM = K8P2G5F46C;
				ENABLE_HARDENED_RUNTIME = YES;
				ENABLE_PREVIEWS = YES;
				GENERATE_INFOPLIST_FILE = YES;
				INFOPLIST_FILE = BinuApp/Info.plist;
				INFOPLIST_KEY_LSApplicationCategoryType = "";
				INFOPLIST_KEY_NSBluetoothAlwaysUsageDescription = "This app uses Bluetooth to broadcast your location to nearby devices.";
				INFOPLIST_KEY_NSBluetoothPeripheralUsageDescription = "This app advertises a Bluetooth LE Service so other devices can receive your Help Request.";
				"INFOPLIST_KEY_UIApplicationSceneManifest_Generation[sdk=iphoneos*]" = YES;
				"INFOPLIST_KEY_UIApplicationSceneManifest_Generation[sdk=iphonesimulator*]" = YES;
				"INFOPLIST_KEY_UIApplicationSupportsIndirectInputEvents[sdk=iphoneos*]" = YES;
				"INFOPLIST_KEY_UIApplicationSupportsIndirectInputEvents[sdk=iphonesimulator*]" = YES;
				"INFOPLIST_KEY_UILaunchScreen_Generation[sdk=iphoneos*]" = YES;
				"INFOPLIST_KEY_UILaunchScreen_Generation[sdk=iphonesimulator*]" = YES;
				"INFOPLIST_KEY_UIStatusBarStyle[sdk=iphoneos*]" = UIStatusBarStyleDefault;
				"INFOPLIST_KEY_UIStatusBarStyle[sdk=iphonesimulator*]" = UIStatusBarStyleDefault;
				INFOPLIST_KEY_UISupportedInterfaceOrientations_iPad = "UIInterfaceOrientationPortrait UIInterfaceOrientationPortraitUpsideDown UIInterfaceOrientationLandscapeLeft UIInterfaceOrientationLandscapeRight";
				INFOPLIST_KEY_UISupportedInterfaceOrientations_iPhone = "UIInterfaceOrientationPortrait UIInterfaceOrientationLandscapeLeft UIInterfaceOrientationLandscapeRight";
				IPHONEOS_DEPLOYMENT_TARGET = 17.0;
				LD_RUNPATH_SEARCH_PATHS = "@executable_path/Frameworks";
				"LD_RUNPATH_SEARCH_PATHS[sdk=macosx*]" = "@executable_path/../Frameworks";
				MACOSX_DEPLOYMENT_TARGET = 14.0;
				MARKETING_VERSION = 1.0;
				OTHER_LDFLAGS = "";
				PRODUCT_BUNDLE_IDENTIFIER = ryanDev.BinuApp;
				PRODUCT_NAME = "$(TARGET_NAME)";
				PROVISIONING_PROFILE_SPECIFIER = "";
				SDKROOT = auto;
				SUPPORTED_PLATFORMS = "iphoneos iphonesimulator";
				SUPPORTS_MACCATALYST = NO;
				SWIFT_EMIT_LOC_STRINGS = YES;
				SWIFT_VERSION = 5.0;
				TARGETED_DEVICE_FAMILY = "1,2";
			};
			name = Debug;
		};
		78F6FB2C2DE31EDB002D834A /* Release */ = {
			isa = XCBuildConfiguration;
			buildSettings = {
				ASSETCATALOG_COMPILER_APPICON_NAME = AppIcon;
				ASSETCATALOG_COMPILER_GLOBAL_ACCENT_COLOR_NAME = AccentColor;
				CODE_SIGN_ENTITLEMENTS = BinuApp/BinuApp.entitlements;
				CODE_SIGN_IDENTITY = "Apple Development";
				CODE_SIGN_STYLE = Automatic;
				CURRENT_PROJECT_VERSION = 1;
				DEVELOPMENT_ASSET_PATHS = "\"BinuApp/Preview Content\"";
				DEVELOPMENT_TEAM = K8P2G5F46C;
				ENABLE_HARDENED_RUNTIME = YES;
				ENABLE_PREVIEWS = YES;
				GENERATE_INFOPLIST_FILE = YES;
				INFOPLIST_FILE = BinuApp/Info.plist;
				INFOPLIST_KEY_LSApplicationCategoryType = "";
				INFOPLIST_KEY_NSBluetoothAlwaysUsageDescription = "This app uses Bluetooth to broadcast your location to nearby devices.";
				INFOPLIST_KEY_NSBluetoothPeripheralUsageDescription = "This app advertises a Bluetooth LE Service so other devices can receive your Help Request.";
				"INFOPLIST_KEY_UIApplicationSceneManifest_Generation[sdk=iphoneos*]" = YES;
				"INFOPLIST_KEY_UIApplicationSceneManifest_Generation[sdk=iphonesimulator*]" = YES;
				"INFOPLIST_KEY_UIApplicationSupportsIndirectInputEvents[sdk=iphoneos*]" = YES;
				"INFOPLIST_KEY_UIApplicationSupportsIndirectInputEvents[sdk=iphonesimulator*]" = YES;
				"INFOPLIST_KEY_UILaunchScreen_Generation[sdk=iphoneos*]" = YES;
				"INFOPLIST_KEY_UILaunchScreen_Generation[sdk=iphonesimulator*]" = YES;
				"INFOPLIST_KEY_UIStatusBarStyle[sdk=iphoneos*]" = UIStatusBarStyleDefault;
				"INFOPLIST_KEY_UIStatusBarStyle[sdk=iphonesimulator*]" = UIStatusBarStyleDefault;
				INFOPLIST_KEY_UISupportedInterfaceOrientations_iPad = "UIInterfaceOrientationPortrait UIInterfaceOrientationPortraitUpsideDown UIInterfaceOrientationLandscapeLeft UIInterfaceOrientationLandscapeRight";
				INFOPLIST_KEY_UISupportedInterfaceOrientations_iPhone = "UIInterfaceOrientationPortrait UIInterfaceOrientationLandscapeLeft UIInterfaceOrientationLandscapeRight";
				IPHONEOS_DEPLOYMENT_TARGET = 17.0;
				LD_RUNPATH_SEARCH_PATHS = "@executable_path/Frameworks";
				"LD_RUNPATH_SEARCH_PATHS[sdk=macosx*]" = "@executable_path/../Frameworks";
				MACOSX_DEPLOYMENT_TARGET = 14.0;
				MARKETING_VERSION = 1.0;
				OTHER_LDFLAGS = "";
				PRODUCT_BUNDLE_IDENTIFIER = ryanDev.BinuApp;
				PRODUCT_NAME = "$(TARGET_NAME)";
				PROVISIONING_PROFILE_SPECIFIER = "";
				SDKROOT = auto;
				SUPPORTED_PLATFORMS = "iphoneos iphonesimulator";
				SUPPORTS_MACCATALYST = NO;
				SWIFT_EMIT_LOC_STRINGS = YES;
				SWIFT_VERSION = 5.0;
				TARGETED_DEVICE_FAMILY = "1,2";
			};
			name = Release;
		};
		78F6FB2E2DE31EDB002D834A /* Debug */ = {
			isa = XCBuildConfiguration;
			buildSettings = {
				ALWAYS_EMBED_SWIFT_STANDARD_LIBRARIES = YES;
				BUNDLE_LOADER = "$(TEST_HOST)";
				CODE_SIGN_STYLE = Automatic;
				CURRENT_PROJECT_VERSION = 1;
				DEVELOPMENT_TEAM = K8P2G5F46C;
				GENERATE_INFOPLIST_FILE = YES;
				IPHONEOS_DEPLOYMENT_TARGET = 17.5;
				MACOSX_DEPLOYMENT_TARGET = 14.5;
				MARKETING_VERSION = 1.0;
				PRODUCT_BUNDLE_IDENTIFIER = ryanDev.BinuAppTests;
				PRODUCT_NAME = "$(TARGET_NAME)";
				SDKROOT = auto;
				SUPPORTED_PLATFORMS = "iphoneos iphonesimulator macosx";
				SWIFT_EMIT_LOC_STRINGS = NO;
				SWIFT_VERSION = 5.0;
				TARGETED_DEVICE_FAMILY = "1,2";
				TEST_HOST = "$(BUILT_PRODUCTS_DIR)/BinuApp.app/$(BUNDLE_EXECUTABLE_FOLDER_PATH)/BinuApp";
			};
			name = Debug;
		};
		78F6FB2F2DE31EDB002D834A /* Release */ = {
			isa = XCBuildConfiguration;
			buildSettings = {
				ALWAYS_EMBED_SWIFT_STANDARD_LIBRARIES = YES;
				BUNDLE_LOADER = "$(TEST_HOST)";
				CODE_SIGN_STYLE = Automatic;
				CURRENT_PROJECT_VERSION = 1;
				DEVELOPMENT_TEAM = K8P2G5F46C;
				GENERATE_INFOPLIST_FILE = YES;
				IPHONEOS_DEPLOYMENT_TARGET = 17.5;
				MACOSX_DEPLOYMENT_TARGET = 14.5;
				MARKETING_VERSION = 1.0;
				PRODUCT_BUNDLE_IDENTIFIER = ryanDev.BinuAppTests;
				PRODUCT_NAME = "$(TARGET_NAME)";
				SDKROOT = auto;
				SUPPORTED_PLATFORMS = "iphoneos iphonesimulator macosx";
				SWIFT_EMIT_LOC_STRINGS = NO;
				SWIFT_VERSION = 5.0;
				TARGETED_DEVICE_FAMILY = "1,2";
				TEST_HOST = "$(BUILT_PRODUCTS_DIR)/BinuApp.app/$(BUNDLE_EXECUTABLE_FOLDER_PATH)/BinuApp";
			};
			name = Release;
		};
		78F6FB312DE31EDB002D834A /* Debug */ = {
			isa = XCBuildConfiguration;
			buildSettings = {
				ALWAYS_EMBED_SWIFT_STANDARD_LIBRARIES = YES;
				CODE_SIGN_STYLE = Automatic;
				CURRENT_PROJECT_VERSION = 1;
				DEVELOPMENT_TEAM = K8P2G5F46C;
				GENERATE_INFOPLIST_FILE = YES;
				IPHONEOS_DEPLOYMENT_TARGET = 17.5;
				MACOSX_DEPLOYMENT_TARGET = 14.5;
				MARKETING_VERSION = 1.0;
				PRODUCT_BUNDLE_IDENTIFIER = ryanDev.BinuAppUITests;
				PRODUCT_NAME = "$(TARGET_NAME)";
				SDKROOT = auto;
				SUPPORTED_PLATFORMS = "iphoneos iphonesimulator macosx";
				SWIFT_EMIT_LOC_STRINGS = NO;
				SWIFT_VERSION = 5.0;
				TARGETED_DEVICE_FAMILY = "1,2";
				TEST_TARGET_NAME = BinuApp;
			};
			name = Debug;
		};
		78F6FB322DE31EDB002D834A /* Release */ = {
			isa = XCBuildConfiguration;
			buildSettings = {
				ALWAYS_EMBED_SWIFT_STANDARD_LIBRARIES = YES;
				CODE_SIGN_STYLE = Automatic;
				CURRENT_PROJECT_VERSION = 1;
				DEVELOPMENT_TEAM = K8P2G5F46C;
				GENERATE_INFOPLIST_FILE = YES;
				IPHONEOS_DEPLOYMENT_TARGET = 17.5;
				MACOSX_DEPLOYMENT_TARGET = 14.5;
				MARKETING_VERSION = 1.0;
				PRODUCT_BUNDLE_IDENTIFIER = ryanDev.BinuAppUITests;
				PRODUCT_NAME = "$(TARGET_NAME)";
				SDKROOT = auto;
				SUPPORTED_PLATFORMS = "iphoneos iphonesimulator macosx";
				SWIFT_EMIT_LOC_STRINGS = NO;
				SWIFT_VERSION = 5.0;
				TARGETED_DEVICE_FAMILY = "1,2";
				TEST_TARGET_NAME = BinuApp;
			};
			name = Release;
		};
/* End XCBuildConfiguration section */

/* Begin XCConfigurationList section */
		78F6FAFE2DE31EDA002D834A /* Build configuration list for PBXProject "BinuApp" */ = {
			isa = XCConfigurationList;
			buildConfigurations = (
				78F6FB282DE31EDB002D834A /* Debug */,
				78F6FB292DE31EDB002D834A /* Release */,
			);
			defaultConfigurationIsVisible = 0;
			defaultConfigurationName = Release;
		};
		78F6FB2A2DE31EDB002D834A /* Build configuration list for PBXNativeTarget "BinuApp" */ = {
			isa = XCConfigurationList;
			buildConfigurations = (
				78F6FB2B2DE31EDB002D834A /* Debug */,
				78F6FB2C2DE31EDB002D834A /* Release */,
			);
			defaultConfigurationIsVisible = 0;
			defaultConfigurationName = Release;
		};
		78F6FB2D2DE31EDB002D834A /* Build configuration list for PBXNativeTarget "BinuAppTests" */ = {
			isa = XCConfigurationList;
			buildConfigurations = (
				78F6FB2E2DE31EDB002D834A /* Debug */,
				78F6FB2F2DE31EDB002D834A /* Release */,
			);
			defaultConfigurationIsVisible = 0;
			defaultConfigurationName = Release;
		};
		78F6FB302DE31EDB002D834A /* Build configuration list for PBXNativeTarget "BinuAppUITests" */ = {
			isa = XCConfigurationList;
			buildConfigurations = (
				78F6FB312DE31EDB002D834A /* Debug */,
				78F6FB322DE31EDB002D834A /* Release */,
			);
			defaultConfigurationIsVisible = 0;
			defaultConfigurationName = Release;
		};
/* End XCConfigurationList section */

/* Begin XCRemoteSwiftPackageReference section */
		3154129C2DE37ADB00447409 /* XCRemoteSwiftPackageReference "firebase-ios-sdk" */ = {
			isa = XCRemoteSwiftPackageReference;
			repositoryURL = "https://github.com/firebase/firebase-ios-sdk";
			requirement = {
				kind = versionRange;
				maximumVersion = 11.10.0;
				minimumVersion = 10.25.0;
			};
		};
/* End XCRemoteSwiftPackageReference section */

/* Begin XCSwiftPackageProductDependency section */
		3154129D2DE37ADB00447409 /* FirebaseAuth */ = {
			isa = XCSwiftPackageProductDependency;
			package = 3154129C2DE37ADB00447409 /* XCRemoteSwiftPackageReference "firebase-ios-sdk" */;
			productName = FirebaseAuth;
		};
		3154129F2DE37ADB00447409 /* FirebaseCore */ = {
			isa = XCSwiftPackageProductDependency;
			package = 3154129C2DE37ADB00447409 /* XCRemoteSwiftPackageReference "firebase-ios-sdk" */;
			productName = FirebaseCore;
		};
		315412A12DE37ADB00447409 /* FirebaseFirestore */ = {
			isa = XCSwiftPackageProductDependency;
			package = 3154129C2DE37ADB00447409 /* XCRemoteSwiftPackageReference "firebase-ios-sdk" */;
			productName = FirebaseFirestore;
		};
		315412A32DE37ADB00447409 /* FirebaseStorage */ = {
			isa = XCSwiftPackageProductDependency;
			package = 3154129C2DE37ADB00447409 /* XCRemoteSwiftPackageReference "firebase-ios-sdk" */;
			productName = FirebaseStorage;
		};
		78510CC72E114A98004D18A6 /* FirebaseCore */ = {
			isa = XCSwiftPackageProductDependency;
			package = 3154129C2DE37ADB00447409 /* XCRemoteSwiftPackageReference "firebase-ios-sdk" */;
			productName = FirebaseCore;
		};
		78510CC92E114A9F004D18A6 /* FirebaseStorage */ = {
			isa = XCSwiftPackageProductDependency;
			package = 3154129C2DE37ADB00447409 /* XCRemoteSwiftPackageReference "firebase-ios-sdk" */;
			productName = FirebaseStorage;
		};
		78510CCB2E114AA9004D18A6 /* FirebaseFirestore */ = {
			isa = XCSwiftPackageProductDependency;
			package = 3154129C2DE37ADB00447409 /* XCRemoteSwiftPackageReference "firebase-ios-sdk" */;
			productName = FirebaseFirestore;
		};
		78510CCD2E114AAC004D18A6 /* FirebaseAuth */ = {
			isa = XCSwiftPackageProductDependency;
			package = 3154129C2DE37ADB00447409 /* XCRemoteSwiftPackageReference "firebase-ios-sdk" */;
			productName = FirebaseAuth;
		};
		78A744012E1147BE002A25C7 /* FirebaseAuth */ = {
			isa = XCSwiftPackageProductDependency;
			package = 3154129C2DE37ADB00447409 /* XCRemoteSwiftPackageReference "firebase-ios-sdk" */;
			productName = FirebaseAuth;
		};
		78A744032E1147C4002A25C7 /* FirebaseCore */ = {
			isa = XCSwiftPackageProductDependency;
			package = 3154129C2DE37ADB00447409 /* XCRemoteSwiftPackageReference "firebase-ios-sdk" */;
			productName = FirebaseCore;
		};
		78A744052E114807002A25C7 /* FirebaseStorage */ = {
			isa = XCSwiftPackageProductDependency;
			package = 3154129C2DE37ADB00447409 /* XCRemoteSwiftPackageReference "firebase-ios-sdk" */;
			productName = FirebaseStorage;
		};
		78A744072E11480C002A25C7 /* FirebaseFirestore */ = {
			isa = XCSwiftPackageProductDependency;
			package = 3154129C2DE37ADB00447409 /* XCRemoteSwiftPackageReference "firebase-ios-sdk" */;
			productName = FirebaseFirestore;
		};
/* End XCSwiftPackageProductDependency section */
	};
	rootObject = 78F6FAFB2DE31EDA002D834A /* Project object */;
}
